
Microsoft Visual Studio Solution File, Format Version 12.00
# Visual Studio 14
VisualStudioVersion = 14.0.25420.1
MinimumVisualStudioVersion = 10.0.40219.1
Project("{8BC9CEB8-8B4A-11D0-8D11-00A0C91BC942}") = "9.1 lethead1.c", "9.1 lethead1.c\9.1 lethead1.c.vcxproj", "{5B58B0E3-EC77-4FA9-9CD4-61AA2557287F}"
EndProject
Project("{8BC9CEB8-8B4A-11D0-8D11-00A0C91BC942}") = "9.2 lethead2.c", "9.2 lethead2\9.2 lethead2.vcxproj", "{EBB860C2-8741-411F-9D45-6F2A12064244}"
EndProject
Project("{8BC9CEB8-8B4A-11D0-8D11-00A0C91BC942}") = "9.3 lesser.c", "9.3 lesser.c\9.3 lesser.c.vcxproj", "{4D588C7F-DD10-4A11-9133-DCA64C4FA183}"
EndProject
Project("{8BC9CEB8-8B4A-11D0-8D11-00A0C91BC942}") = "9.4 misuse.c", "9.4 misuse.c\9.4 misuse.c.vcxproj", "{EFE92F28-CB76-499B-9A29-004F23AD9742}"
EndProject
Project("{8BC9CEB8-8B4A-11D0-8D11-00A0C91BC942}") = "9.5 proto.c", "9.5 proto.c\9.5 proto.c.vcxproj", "{889672EA-506E-4F4A-94F1-675A769E76B4}"
EndProject
Project("{8BC9CEB8-8B4A-11D0-8D11-00A0C91BC942}") = "9.6 recur.c", "9.6 recur.c\9.6 recur.c.vcxproj", "{B91EE2A9-03D3-4B16-9FF8-7C5619196397}"
EndProject
Project("{8BC9CEB8-8B4A-11D0-8D11-00A0C91BC942}") = "9.7 factor.c", "9.7 factor.c\9.7 factor.c.vcxproj", "{A3846461-C752-42FC-84F4-9BCE62CC8317}"
EndProject
Project("{8BC9CEB8-8B4A-11D0-8D11-00A0C91BC942}") = "9.8 binary.c", "9.8 binary.c\9.8 binary.c.vcxproj", "{6AA2268E-6EEC-4AE2-825F-B2336C8B0EB6}"
EndProject
Project("{8BC9CEB8-8B4A-11D0-8D11-00A0C91BC942}") = "9.9-9.11", "9.9-9.11\9.9-9.11.vcxproj", "{519A3456-D633-4CC5-BC6D-40AB181AB458}"
EndProject
Project("{8BC9CEB8-8B4A-11D0-8D11-00A0C91BC942}") = "9.12 loccheck.c", "9.12 loccheck.c\9.12 loccheck.c.vcxproj", "{8546B52C-77A0-43EF-A695-DA9EC44828E6}"
EndProject
Project("{8BC9CEB8-8B4A-11D0-8D11-00A0C91BC942}") = "9.13 swap1.c", "9.13 swap1.c\9.13 swap1.c.vcxproj", "{14F8A610-CD67-40E9-9073-9CFD528ADD21}"
EndProject
Project("{8BC9CEB8-8B4A-11D0-8D11-00A0C91BC942}") = "9.14 swap2.c", "9.14 swap2.c\9.14 swap2.c.vcxproj", "{3C6EB4CA-C751-4D1C-9B01-E983982C3770}"
EndProject
Project("{8BC9CEB8-8B4A-11D0-8D11-00A0C91BC942}") = "swap3.c", "swap3.c\swap3.c.vcxproj", "{B2FC7BAB-1EC6-4D08-B4C9-E4E92A42BE58}"
EndProject
Global
	GlobalSection(SolutionConfigurationPlatforms) = preSolution
		Debug|x64 = Debug|x64
		Debug|x86 = Debug|x86
		Release|x64 = Release|x64
		Release|x86 = Release|x86
	EndGlobalSection
	GlobalSection(ProjectConfigurationPlatforms) = postSolution
		{5B58B0E3-EC77-4FA9-9CD4-61AA2557287F}.Debug|x64.ActiveCfg = Debug|x64
		{5B58B0E3-EC77-4FA9-9CD4-61AA2557287F}.Debug|x64.Build.0 = Debug|x64
		{5B58B0E3-EC77-4FA9-9CD4-61AA2557287F}.Debug|x86.ActiveCfg = Debug|Win32
		{5B58B0E3-EC77-4FA9-9CD4-61AA2557287F}.Debug|x86.Build.0 = Debug|Win32
		{5B58B0E3-EC77-4FA9-9CD4-61AA2557287F}.Release|x64.ActiveCfg = Release|x64
		{5B58B0E3-EC77-4FA9-9CD4-61AA2557287F}.Release|x64.Build.0 = Release|x64
		{5B58B0E3-EC77-4FA9-9CD4-61AA2557287F}.Release|x86.ActiveCfg = Release|Win32
		{5B58B0E3-EC77-4FA9-9CD4-61AA2557287F}.Release|x86.Build.0 = Release|Win32
		{EBB860C2-8741-411F-9D45-6F2A12064244}.Debug|x64.ActiveCfg = Debug|x64
		{EBB860C2-8741-411F-9D45-6F2A12064244}.Debug|x64.Build.0 = Debug|x64
		{EBB860C2-8741-411F-9D45-6F2A12064244}.Debug|x86.ActiveCfg = Debug|Win32
		{EBB860C2-8741-411F-9D45-6F2A12064244}.Debug|x86.Build.0 = Debug|Win32
		{EBB860C2-8741-411F-9D45-6F2A12064244}.Release|x64.ActiveCfg = Release|x64
		{EBB860C2-8741-411F-9D45-6F2A12064244}.Release|x64.Build.0 = Release|x64
		{EBB860C2-8741-411F-9D45-6F2A12064244}.Release|x86.ActiveCfg = Release|Win32
		{EBB860C2-8741-411F-9D45-6F2A12064244}.Release|x86.Build.0 = Release|Win32
		{4D588C7F-DD10-4A11-9133-DCA64C4FA183}.Debug|x64.ActiveCfg = Debug|x64
		{4D588C7F-DD10-4A11-9133-DCA64C4FA183}.Debug|x64.Build.0 = Debug|x64
		{4D588C7F-DD10-4A11-9133-DCA64C4FA183}.Debug|x86.ActiveCfg = Debug|Win32
		{4D588C7F-DD10-4A11-9133-DCA64C4FA183}.Debug|x86.Build.0 = Debug|Win32
		{4D588C7F-DD10-4A11-9133-DCA64C4FA183}.Release|x64.ActiveCfg = Release|x64
		{4D588C7F-DD10-4A11-9133-DCA64C4FA183}.Release|x64.Build.0 = Release|x64
		{4D588C7F-DD10-4A11-9133-DCA64C4FA183}.Release|x86.ActiveCfg = Release|Win32
		{4D588C7F-DD10-4A11-9133-DCA64C4FA183}.Release|x86.Build.0 = Release|Win32
		{EFE92F28-CB76-499B-9A29-004F23AD9742}.Debug|x64.ActiveCfg = Debug|x64
		{EFE92F28-CB76-499B-9A29-004F23AD9742}.Debug|x64.Build.0 = Debug|x64
		{EFE92F28-CB76-499B-9A29-004F23AD9742}.Debug|x86.ActiveCfg = Debug|Win32
		{EFE92F28-CB76-499B-9A29-004F23AD9742}.Debug|x86.Build.0 = Debug|Win32
		{EFE92F28-CB76-499B-9A29-004F23AD9742}.Release|x64.ActiveCfg = Release|x64
		{EFE92F28-CB76-499B-9A29-004F23AD9742}.Release|x64.Build.0 = Release|x64
		{EFE92F28-CB76-499B-9A29-004F23AD9742}.Release|x86.ActiveCfg = Release|Win32
		{EFE92F28-CB76-499B-9A29-004F23AD9742}.Release|x86.Build.0 = Release|Win32
		{889672EA-506E-4F4A-94F1-675A769E76B4}.Debug|x64.ActiveCfg = Debug|x64
		{889672EA-506E-4F4A-94F1-675A769E76B4}.Debug|x64.Build.0 = Debug|x64
		{889672EA-506E-4F4A-94F1-675A769E76B4}.Debug|x86.ActiveCfg = Debug|Win32
		{889672EA-506E-4F4A-94F1-675A769E76B4}.Debug|x86.Build.0 = Debug|Win32
		{889672EA-506E-4F4A-94F1-675A769E76B4}.Release|x64.ActiveCfg = Release|x64
		{889672EA-506E-4F4A-94F1-675A769E76B4}.Release|x64.Build.0 = Release|x64
		{889672EA-506E-4F4A-94F1-675A769E76B4}.Release|x86.ActiveCfg = Release|Win32
		{889672EA-506E-4F4A-94F1-675A769E76B4}.Release|x86.Build.0 = Release|Win32
		{B91EE2A9-03D3-4B16-9FF8-7C5619196397}.Debug|x64.ActiveCfg = Debug|x64
		{B91EE2A9-03D3-4B16-9FF8-7C5619196397}.Debug|x64.Build.0 = Debug|x64
		{B91EE2A9-03D3-4B16-9FF8-7C5619196397}.Debug|x86.ActiveCfg = Debug|Win32
		{B91EE2A9-03D3-4B16-9FF8-7C5619196397}.Debug|x86.Build.0 = Debug|Win32
		{B91EE2A9-03D3-4B16-9FF8-7C5619196397}.Release|x64.ActiveCfg = Release|x64
		{B91EE2A9-03D3-4B16-9FF8-7C5619196397}.Release|x64.Build.0 = Release|x64
		{B91EE2A9-03D3-4B16-9FF8-7C5619196397}.Release|x86.ActiveCfg = Release|Win32
		{B91EE2A9-03D3-4B16-9FF8-7C5619196397}.Release|x86.Build.0 = Release|Win32
		{A3846461-C752-42FC-84F4-9BCE62CC8317}.Debug|x64.ActiveCfg = Debug|x64
		{A3846461-C752-42FC-84F4-9BCE62CC8317}.Debug|x64.Build.0 = Debug|x64
		{A3846461-C752-42FC-84F4-9BCE62CC8317}.Debug|x86.ActiveCfg = Debug|Win32
		{A3846461-C752-42FC-84F4-9BCE62CC8317}.Debug|x86.Build.0 = Debug|Win32
		{A3846461-C752-42FC-84F4-9BCE62CC8317}.Release|x64.ActiveCfg = Release|x64
		{A3846461-C752-42FC-84F4-9BCE62CC8317}.Release|x64.Build.0 = Release|x64
		{A3846461-C752-42FC-84F4-9BCE62CC8317}.Release|x86.ActiveCfg = Release|Win32
		{A3846461-C752-42FC-84F4-9BCE62CC8317}.Release|x86.Build.0 = Release|Win32
		{6AA2268E-6EEC-4AE2-825F-B2336C8B0EB6}.Debug|x64.ActiveCfg = Debug|x64
		{6AA2268E-6EEC-4AE2-825F-B2336C8B0EB6}.Debug|x64.Build.0 = Debug|x64
		{6AA2268E-6EEC-4AE2-825F-B2336C8B0EB6}.Debug|x86.ActiveCfg = Debug|Win32
		{6AA2268E-6EEC-4AE2-825F-B2336C8B0EB6}.Debug|x86.Build.0 = Debug|Win32
		{6AA2268E-6EEC-4AE2-825F-B2336C8B0EB6}.Release|x64.ActiveCfg = Release|x64
		{6AA2268E-6EEC-4AE2-825F-B2336C8B0EB6}.Release|x64.Build.0 = Release|x64
		{6AA2268E-6EEC-4AE2-825F-B2336C8B0EB6}.Release|x86.ActiveCfg = Release|Win32
		{6AA2268E-6EEC-4AE2-825F-B2336C8B0EB6}.Release|x86.Build.0 = Release|Win32
		{519A3456-D633-4CC5-BC6D-40AB181AB458}.Debug|x64.ActiveCfg = Debug|x64
		{519A3456-D633-4CC5-BC6D-40AB181AB458}.Debug|x64.Build.0 = Debug|x64
		{519A3456-D633-4CC5-BC6D-40AB181AB458}.Debug|x86.ActiveCfg = Debug|Win32
		{519A3456-D633-4CC5-BC6D-40AB181AB458}.Debug|x86.Build.0 = Debug|Win32
		{519A3456-D633-4CC5-BC6D-40AB181AB458}.Release|x64.ActiveCfg = Release|x64
		{519A3456-D633-4CC5-BC6D-40AB181AB458}.Release|x64.Build.0 = Release|x64
		{519A3456-D633-4CC5-BC6D-40AB181AB458}.Release|x86.ActiveCfg = Release|Win32
		{519A3456-D633-4CC5-BC6D-40AB181AB458}.Release|x86.Build.0 = Release|Win32
		{8546B52C-77A0-43EF-A695-DA9EC44828E6}.Debug|x64.ActiveCfg = Debug|x64
		{8546B52C-77A0-43EF-A695-DA9EC44828E6}.Debug|x64.Build.0 = Debug|x64
		{8546B52C-77A0-43EF-A695-DA9EC44828E6}.Debug|x86.ActiveCfg = Debug|Win32
		{8546B52C-77A0-43EF-A695-DA9EC44828E6}.Debug|x86.Build.0 = Debug|Win32
		{8546B52C-77A0-43EF-A695-DA9EC44828E6}.Release|x64.ActiveCfg = Release|x64
		{8546B52C-77A0-43EF-A695-DA9EC44828E6}.Release|x64.Build.0 = Release|x64
		{8546B52C-77A0-43EF-A695-DA9EC44828E6}.Release|x86.ActiveCfg = Release|Win32
		{8546B52C-77A0-43EF-A695-DA9EC44828E6}.Release|x86.Build.0 = Release|Win32
		{14F8A610-CD67-40E9-9073-9CFD528ADD21}.Debug|x64.ActiveCfg = Debug|x64
		{14F8A610-CD67-40E9-9073-9CFD528ADD21}.Debug|x64.Build.0 = Debug|x64
		{14F8A610-CD67-40E9-9073-9CFD528ADD21}.Debug|x86.ActiveCfg = Debug|Win32
		{14F8A610-CD67-40E9-9073-9CFD528ADD21}.Debug|x86.Build.0 = Debug|Win32
		{14F8A610-CD67-40E9-9073-9CFD528ADD21}.Release|x64.ActiveCfg = Release|x64
		{14F8A610-CD67-40E9-9073-9CFD528ADD21}.Release|x64.Build.0 = Release|x64
		{14F8A610-CD67-40E9-9073-9CFD528ADD21}.Release|x86.ActiveCfg = Release|Win32
		{14F8A610-CD67-40E9-9073-9CFD528ADD21}.Release|x86.Build.0 = Release|Win32
		{3C6EB4CA-C751-4D1C-9B01-E983982C3770}.Debug|x64.ActiveCfg = Debug|x64
		{3C6EB4CA-C751-4D1C-9B01-E983982C3770}.Debug|x64.Build.0 = Debug|x64
		{3C6EB4CA-C751-4D1C-9B01-E983982C3770}.Debug|x86.ActiveCfg = Debug|Win32
		{3C6EB4CA-C751-4D1C-9B01-E983982C3770}.Debug|x86.Build.0 = Debug|Win32
		{3C6EB4CA-C751-4D1C-9B01-E983982C3770}.Release|x64.ActiveCfg = Release|x64
		{3C6EB4CA-C751-4D1C-9B01-E983982C3770}.Release|x64.Build.0 = Release|x64
		{3C6EB4CA-C751-4D1C-9B01-E983982C3770}.Release|x86.ActiveCfg = Release|Win32
		{3C6EB4CA-C751-4D1C-9B01-E983982C3770}.Release|x86.Build.0 = Release|Win32
		{B2FC7BAB-1EC6-4D08-B4C9-E4E92A42BE58}.Debug|x64.ActiveCfg = Debug|x64
		{B2FC7BAB-1EC6-4D08-B4C9-E4E92A42BE58}.Debug|x64.Build.0 = Debug|x64
		{B2FC7BAB-1EC6-4D08-B4C9-E4E92A42BE58}.Debug|x86.ActiveCfg = Debug|Win32
		{B2FC7BAB-1EC6-4D08-B4C9-E4E92A42BE58}.Debug|x86.Build.0 = Debug|Win32
		{B2FC7BAB-1EC6-4D08-B4C9-E4E92A42BE58}.Release|x64.ActiveCfg = Release|x64
		{B2FC7BAB-1EC6-4D08-B4C9-E4E92A42BE58}.Release|x64.Build.0 = Release|x64
		{B2FC7BAB-1EC6-4D08-B4C9-E4E92A42BE58}.Release|x86.ActiveCfg = Release|Win32
		{B2FC7BAB-1EC6-4D08-B4C9-E4E92A42BE58}.Release|x86.Build.0 = Release|Win32
	EndGlobalSection
	GlobalSection(SolutionProperties) = preSolution
		HideSolutionNode = FALSE
	EndGlobalSection
EndGlobal
