
Microsoft Visual Studio Solution File, Format Version 12.00
# Visual Studio 14
VisualStudioVersion = 14.0.25420.1
MinimumVisualStudioVersion = 10.0.40219.1
Project("{8BC9CEB8-8B4A-11D0-8D11-00A0C91BC942}") = "6.16.1", "6.16.1\6.16.1.vcxproj", "{59BBFD83-C29D-4479-A98E-6186A5B96262}"
EndProject
Project("{8BC9CEB8-8B4A-11D0-8D11-00A0C91BC942}") = "6.16.2", "6.16.2\6.16.2.vcxproj", "{843190F4-BA35-4276-AB27-12C1A541C634}"
EndProject
Project("{8BC9CEB8-8B4A-11D0-8D11-00A0C91BC942}") = "6.16.4", "6.16.4\6.16.4.vcxproj", "{22494AB5-E12F-4D72-B980-C949B2D640FB}"
EndProject
Project("{8BC9CEB8-8B4A-11D0-8D11-00A0C91BC942}") = "6.16.5", "6.16.5\6.16.5.vcxproj", "{46F5504B-BEAE-4241-9F57-52A71E3F18FE}"
EndProject
Project("{8BC9CEB8-8B4A-11D0-8D11-00A0C91BC942}") = "6.16.3", "6.16.3\6.16.3.vcxproj", "{2CDAF5CE-58A0-4DD0-B695-FDB8FF155075}"
EndProject
Project("{8BC9CEB8-8B4A-11D0-8D11-00A0C91BC942}") = "6.16.6", "6.16.6\6.16.6.vcxproj", "{EFB415C3-300E-4BA5-A71F-48C5F374974E}"
EndProject
Project("{8BC9CEB8-8B4A-11D0-8D11-00A0C91BC942}") = "6.16.7", "6.16.7\6.16.7.vcxproj", "{E401A758-064B-454C-BCF8-84D0436EA80D}"
EndProject
Project("{8BC9CEB8-8B4A-11D0-8D11-00A0C91BC942}") = "6.16.8", "6.16.8\6.16.8.vcxproj", "{48EAB3DA-80BF-4D5E-8A47-D6FD14B51FC6}"
EndProject
Project("{8BC9CEB8-8B4A-11D0-8D11-00A0C91BC942}") = "6.16.9", "6.16.9\6.16.9.vcxproj", "{9F433549-7DBC-4F17-939A-5790F4FB5458}"
EndProject
Project("{8BC9CEB8-8B4A-11D0-8D11-00A0C91BC942}") = "6.16.10", "6.16.10\6.16.10.vcxproj", "{70E6C191-9F2C-4EA8-B456-87C5B067F8A9}"
EndProject
Project("{8BC9CEB8-8B4A-11D0-8D11-00A0C91BC942}") = "6.16.11", "6.16.11\6.16.11.vcxproj", "{259D5288-0164-477A-8281-ADFD753641EF}"
EndProject
Project("{8BC9CEB8-8B4A-11D0-8D11-00A0C91BC942}") = "6.16.12", "6.16.12\6.16.12.vcxproj", "{A4617B02-C03B-4FE5-B397-0B5D90B46C20}"
EndProject
Project("{8BC9CEB8-8B4A-11D0-8D11-00A0C91BC942}") = "6.16.13", "6.16.13\6.16.13.vcxproj", "{17C94871-FAAC-4CDD-8108-69D792756B0A}"
EndProject
Project("{8BC9CEB8-8B4A-11D0-8D11-00A0C91BC942}") = "6.16.14", "6.16.14\6.16.14.vcxproj", "{E351DFD2-D8C2-4850-8783-501E90E864BB}"
EndProject
Project("{8BC9CEB8-8B4A-11D0-8D11-00A0C91BC942}") = "6.16.15", "6.16.15\6.16.15.vcxproj", "{FE7A2157-4670-43E2-9EF7-95D13405187C}"
EndProject
Project("{8BC9CEB8-8B4A-11D0-8D11-00A0C91BC942}") = "6.16.16", "6.16.16\6.16.16.vcxproj", "{0DBD38BE-8AE7-4351-A334-13776A62C8EA}"
EndProject
Project("{8BC9CEB8-8B4A-11D0-8D11-00A0C91BC942}") = "6.16.17", "6.16.17\6.16.17.vcxproj", "{37375FF1-8113-43B8-9DF0-791C64F34113}"
EndProject
Project("{8BC9CEB8-8B4A-11D0-8D11-00A0C91BC942}") = "6.16.18", "6.16.18\6.16.18.vcxproj", "{0E6846B3-288C-42D1-A8DC-E78ACCC7588E}"
EndProject
Global
	GlobalSection(SolutionConfigurationPlatforms) = preSolution
		Debug|x64 = Debug|x64
		Debug|x86 = Debug|x86
		Release|x64 = Release|x64
		Release|x86 = Release|x86
	EndGlobalSection
	GlobalSection(ProjectConfigurationPlatforms) = postSolution
		{59BBFD83-C29D-4479-A98E-6186A5B96262}.Debug|x64.ActiveCfg = Debug|x64
		{59BBFD83-C29D-4479-A98E-6186A5B96262}.Debug|x64.Build.0 = Debug|x64
		{59BBFD83-C29D-4479-A98E-6186A5B96262}.Debug|x86.ActiveCfg = Debug|Win32
		{59BBFD83-C29D-4479-A98E-6186A5B96262}.Debug|x86.Build.0 = Debug|Win32
		{59BBFD83-C29D-4479-A98E-6186A5B96262}.Release|x64.ActiveCfg = Release|x64
		{59BBFD83-C29D-4479-A98E-6186A5B96262}.Release|x64.Build.0 = Release|x64
		{59BBFD83-C29D-4479-A98E-6186A5B96262}.Release|x86.ActiveCfg = Release|Win32
		{59BBFD83-C29D-4479-A98E-6186A5B96262}.Release|x86.Build.0 = Release|Win32
		{843190F4-BA35-4276-AB27-12C1A541C634}.Debug|x64.ActiveCfg = Debug|x64
		{843190F4-BA35-4276-AB27-12C1A541C634}.Debug|x64.Build.0 = Debug|x64
		{843190F4-BA35-4276-AB27-12C1A541C634}.Debug|x86.ActiveCfg = Debug|Win32
		{843190F4-BA35-4276-AB27-12C1A541C634}.Debug|x86.Build.0 = Debug|Win32
		{843190F4-BA35-4276-AB27-12C1A541C634}.Release|x64.ActiveCfg = Release|x64
		{843190F4-BA35-4276-AB27-12C1A541C634}.Release|x64.Build.0 = Release|x64
		{843190F4-BA35-4276-AB27-12C1A541C634}.Release|x86.ActiveCfg = Release|Win32
		{843190F4-BA35-4276-AB27-12C1A541C634}.Release|x86.Build.0 = Release|Win32
		{22494AB5-E12F-4D72-B980-C949B2D640FB}.Debug|x64.ActiveCfg = Debug|x64
		{22494AB5-E12F-4D72-B980-C949B2D640FB}.Debug|x64.Build.0 = Debug|x64
		{22494AB5-E12F-4D72-B980-C949B2D640FB}.Debug|x86.ActiveCfg = Debug|Win32
		{22494AB5-E12F-4D72-B980-C949B2D640FB}.Debug|x86.Build.0 = Debug|Win32
		{22494AB5-E12F-4D72-B980-C949B2D640FB}.Release|x64.ActiveCfg = Release|x64
		{22494AB5-E12F-4D72-B980-C949B2D640FB}.Release|x64.Build.0 = Release|x64
		{22494AB5-E12F-4D72-B980-C949B2D640FB}.Release|x86.ActiveCfg = Release|Win32
		{22494AB5-E12F-4D72-B980-C949B2D640FB}.Release|x86.Build.0 = Release|Win32
		{46F5504B-BEAE-4241-9F57-52A71E3F18FE}.Debug|x64.ActiveCfg = Debug|x64
		{46F5504B-BEAE-4241-9F57-52A71E3F18FE}.Debug|x64.Build.0 = Debug|x64
		{46F5504B-BEAE-4241-9F57-52A71E3F18FE}.Debug|x86.ActiveCfg = Debug|Win32
		{46F5504B-BEAE-4241-9F57-52A71E3F18FE}.Debug|x86.Build.0 = Debug|Win32
		{46F5504B-BEAE-4241-9F57-52A71E3F18FE}.Release|x64.ActiveCfg = Release|x64
		{46F5504B-BEAE-4241-9F57-52A71E3F18FE}.Release|x64.Build.0 = Release|x64
		{46F5504B-BEAE-4241-9F57-52A71E3F18FE}.Release|x86.ActiveCfg = Release|Win32
		{46F5504B-BEAE-4241-9F57-52A71E3F18FE}.Release|x86.Build.0 = Release|Win32
		{2CDAF5CE-58A0-4DD0-B695-FDB8FF155075}.Debug|x64.ActiveCfg = Debug|x64
		{2CDAF5CE-58A0-4DD0-B695-FDB8FF155075}.Debug|x64.Build.0 = Debug|x64
		{2CDAF5CE-58A0-4DD0-B695-FDB8FF155075}.Debug|x86.ActiveCfg = Debug|Win32
		{2CDAF5CE-58A0-4DD0-B695-FDB8FF155075}.Debug|x86.Build.0 = Debug|Win32
		{2CDAF5CE-58A0-4DD0-B695-FDB8FF155075}.Release|x64.ActiveCfg = Release|x64
		{2CDAF5CE-58A0-4DD0-B695-FDB8FF155075}.Release|x64.Build.0 = Release|x64
		{2CDAF5CE-58A0-4DD0-B695-FDB8FF155075}.Release|x86.ActiveCfg = Release|Win32
		{2CDAF5CE-58A0-4DD0-B695-FDB8FF155075}.Release|x86.Build.0 = Release|Win32
		{EFB415C3-300E-4BA5-A71F-48C5F374974E}.Debug|x64.ActiveCfg = Debug|x64
		{EFB415C3-300E-4BA5-A71F-48C5F374974E}.Debug|x64.Build.0 = Debug|x64
		{EFB415C3-300E-4BA5-A71F-48C5F374974E}.Debug|x86.ActiveCfg = Debug|Win32
		{EFB415C3-300E-4BA5-A71F-48C5F374974E}.Debug|x86.Build.0 = Debug|Win32
		{EFB415C3-300E-4BA5-A71F-48C5F374974E}.Release|x64.ActiveCfg = Release|x64
		{EFB415C3-300E-4BA5-A71F-48C5F374974E}.Release|x64.Build.0 = Release|x64
		{EFB415C3-300E-4BA5-A71F-48C5F374974E}.Release|x86.ActiveCfg = Release|Win32
		{EFB415C3-300E-4BA5-A71F-48C5F374974E}.Release|x86.Build.0 = Release|Win32
		{E401A758-064B-454C-BCF8-84D0436EA80D}.Debug|x64.ActiveCfg = Debug|x64
		{E401A758-064B-454C-BCF8-84D0436EA80D}.Debug|x64.Build.0 = Debug|x64
		{E401A758-064B-454C-BCF8-84D0436EA80D}.Debug|x86.ActiveCfg = Debug|Win32
		{E401A758-064B-454C-BCF8-84D0436EA80D}.Debug|x86.Build.0 = Debug|Win32
		{E401A758-064B-454C-BCF8-84D0436EA80D}.Release|x64.ActiveCfg = Release|x64
		{E401A758-064B-454C-BCF8-84D0436EA80D}.Release|x64.Build.0 = Release|x64
		{E401A758-064B-454C-BCF8-84D0436EA80D}.Release|x86.ActiveCfg = Release|Win32
		{E401A758-064B-454C-BCF8-84D0436EA80D}.Release|x86.Build.0 = Release|Win32
		{48EAB3DA-80BF-4D5E-8A47-D6FD14B51FC6}.Debug|x64.ActiveCfg = Debug|x64
		{48EAB3DA-80BF-4D5E-8A47-D6FD14B51FC6}.Debug|x64.Build.0 = Debug|x64
		{48EAB3DA-80BF-4D5E-8A47-D6FD14B51FC6}.Debug|x86.ActiveCfg = Debug|Win32
		{48EAB3DA-80BF-4D5E-8A47-D6FD14B51FC6}.Debug|x86.Build.0 = Debug|Win32
		{48EAB3DA-80BF-4D5E-8A47-D6FD14B51FC6}.Release|x64.ActiveCfg = Release|x64
		{48EAB3DA-80BF-4D5E-8A47-D6FD14B51FC6}.Release|x64.Build.0 = Release|x64
		{48EAB3DA-80BF-4D5E-8A47-D6FD14B51FC6}.Release|x86.ActiveCfg = Release|Win32
		{48EAB3DA-80BF-4D5E-8A47-D6FD14B51FC6}.Release|x86.Build.0 = Release|Win32
		{9F433549-7DBC-4F17-939A-5790F4FB5458}.Debug|x64.ActiveCfg = Debug|x64
		{9F433549-7DBC-4F17-939A-5790F4FB5458}.Debug|x64.Build.0 = Debug|x64
		{9F433549-7DBC-4F17-939A-5790F4FB5458}.Debug|x86.ActiveCfg = Debug|Win32
		{9F433549-7DBC-4F17-939A-5790F4FB5458}.Debug|x86.Build.0 = Debug|Win32
		{9F433549-7DBC-4F17-939A-5790F4FB5458}.Release|x64.ActiveCfg = Release|x64
		{9F433549-7DBC-4F17-939A-5790F4FB5458}.Release|x64.Build.0 = Release|x64
		{9F433549-7DBC-4F17-939A-5790F4FB5458}.Release|x86.ActiveCfg = Release|Win32
		{9F433549-7DBC-4F17-939A-5790F4FB5458}.Release|x86.Build.0 = Release|Win32
		{70E6C191-9F2C-4EA8-B456-87C5B067F8A9}.Debug|x64.ActiveCfg = Debug|x64
		{70E6C191-9F2C-4EA8-B456-87C5B067F8A9}.Debug|x64.Build.0 = Debug|x64
		{70E6C191-9F2C-4EA8-B456-87C5B067F8A9}.Debug|x86.ActiveCfg = Debug|Win32
		{70E6C191-9F2C-4EA8-B456-87C5B067F8A9}.Debug|x86.Build.0 = Debug|Win32
		{70E6C191-9F2C-4EA8-B456-87C5B067F8A9}.Release|x64.ActiveCfg = Release|x64
		{70E6C191-9F2C-4EA8-B456-87C5B067F8A9}.Release|x64.Build.0 = Release|x64
		{70E6C191-9F2C-4EA8-B456-87C5B067F8A9}.Release|x86.ActiveCfg = Release|Win32
		{70E6C191-9F2C-4EA8-B456-87C5B067F8A9}.Release|x86.Build.0 = Release|Win32
		{259D5288-0164-477A-8281-ADFD753641EF}.Debug|x64.ActiveCfg = Debug|x64
		{259D5288-0164-477A-8281-ADFD753641EF}.Debug|x64.Build.0 = Debug|x64
		{259D5288-0164-477A-8281-ADFD753641EF}.Debug|x86.ActiveCfg = Debug|Win32
		{259D5288-0164-477A-8281-ADFD753641EF}.Debug|x86.Build.0 = Debug|Win32
		{259D5288-0164-477A-8281-ADFD753641EF}.Release|x64.ActiveCfg = Release|x64
		{259D5288-0164-477A-8281-ADFD753641EF}.Release|x64.Build.0 = Release|x64
		{259D5288-0164-477A-8281-ADFD753641EF}.Release|x86.ActiveCfg = Release|Win32
		{259D5288-0164-477A-8281-ADFD753641EF}.Release|x86.Build.0 = Release|Win32
		{A4617B02-C03B-4FE5-B397-0B5D90B46C20}.Debug|x64.ActiveCfg = Debug|x64
		{A4617B02-C03B-4FE5-B397-0B5D90B46C20}.Debug|x64.Build.0 = Debug|x64
		{A4617B02-C03B-4FE5-B397-0B5D90B46C20}.Debug|x86.ActiveCfg = Debug|Win32
		{A4617B02-C03B-4FE5-B397-0B5D90B46C20}.Debug|x86.Build.0 = Debug|Win32
		{A4617B02-C03B-4FE5-B397-0B5D90B46C20}.Release|x64.ActiveCfg = Release|x64
		{A4617B02-C03B-4FE5-B397-0B5D90B46C20}.Release|x64.Build.0 = Release|x64
		{A4617B02-C03B-4FE5-B397-0B5D90B46C20}.Release|x86.ActiveCfg = Release|Win32
		{A4617B02-C03B-4FE5-B397-0B5D90B46C20}.Release|x86.Build.0 = Release|Win32
		{17C94871-FAAC-4CDD-8108-69D792756B0A}.Debug|x64.ActiveCfg = Debug|x64
		{17C94871-FAAC-4CDD-8108-69D792756B0A}.Debug|x64.Build.0 = Debug|x64
		{17C94871-FAAC-4CDD-8108-69D792756B0A}.Debug|x86.ActiveCfg = Debug|Win32
		{17C94871-FAAC-4CDD-8108-69D792756B0A}.Debug|x86.Build.0 = Debug|Win32
		{17C94871-FAAC-4CDD-8108-69D792756B0A}.Release|x64.ActiveCfg = Release|x64
		{17C94871-FAAC-4CDD-8108-69D792756B0A}.Release|x64.Build.0 = Release|x64
		{17C94871-FAAC-4CDD-8108-69D792756B0A}.Release|x86.ActiveCfg = Release|Win32
		{17C94871-FAAC-4CDD-8108-69D792756B0A}.Release|x86.Build.0 = Release|Win32
		{E351DFD2-D8C2-4850-8783-501E90E864BB}.Debug|x64.ActiveCfg = Debug|x64
		{E351DFD2-D8C2-4850-8783-501E90E864BB}.Debug|x64.Build.0 = Debug|x64
		{E351DFD2-D8C2-4850-8783-501E90E864BB}.Debug|x86.ActiveCfg = Debug|Win32
		{E351DFD2-D8C2-4850-8783-501E90E864BB}.Debug|x86.Build.0 = Debug|Win32
		{E351DFD2-D8C2-4850-8783-501E90E864BB}.Release|x64.ActiveCfg = Release|x64
		{E351DFD2-D8C2-4850-8783-501E90E864BB}.Release|x64.Build.0 = Release|x64
		{E351DFD2-D8C2-4850-8783-501E90E864BB}.Release|x86.ActiveCfg = Release|Win32
		{E351DFD2-D8C2-4850-8783-501E90E864BB}.Release|x86.Build.0 = Release|Win32
		{FE7A2157-4670-43E2-9EF7-95D13405187C}.Debug|x64.ActiveCfg = Debug|x64
		{FE7A2157-4670-43E2-9EF7-95D13405187C}.Debug|x64.Build.0 = Debug|x64
		{FE7A2157-4670-43E2-9EF7-95D13405187C}.Debug|x86.ActiveCfg = Debug|Win32
		{FE7A2157-4670-43E2-9EF7-95D13405187C}.Debug|x86.Build.0 = Debug|Win32
		{FE7A2157-4670-43E2-9EF7-95D13405187C}.Release|x64.ActiveCfg = Release|x64
		{FE7A2157-4670-43E2-9EF7-95D13405187C}.Release|x64.Build.0 = Release|x64
		{FE7A2157-4670-43E2-9EF7-95D13405187C}.Release|x86.ActiveCfg = Release|Win32
		{FE7A2157-4670-43E2-9EF7-95D13405187C}.Release|x86.Build.0 = Release|Win32
		{0DBD38BE-8AE7-4351-A334-13776A62C8EA}.Debug|x64.ActiveCfg = Debug|x64
		{0DBD38BE-8AE7-4351-A334-13776A62C8EA}.Debug|x64.Build.0 = Debug|x64
		{0DBD38BE-8AE7-4351-A334-13776A62C8EA}.Debug|x86.ActiveCfg = Debug|Win32
		{0DBD38BE-8AE7-4351-A334-13776A62C8EA}.Debug|x86.Build.0 = Debug|Win32
		{0DBD38BE-8AE7-4351-A334-13776A62C8EA}.Release|x64.ActiveCfg = Release|x64
		{0DBD38BE-8AE7-4351-A334-13776A62C8EA}.Release|x64.Build.0 = Release|x64
		{0DBD38BE-8AE7-4351-A334-13776A62C8EA}.Release|x86.ActiveCfg = Release|Win32
		{0DBD38BE-8AE7-4351-A334-13776A62C8EA}.Release|x86.Build.0 = Release|Win32
		{37375FF1-8113-43B8-9DF0-791C64F34113}.Debug|x64.ActiveCfg = Debug|x64
		{37375FF1-8113-43B8-9DF0-791C64F34113}.Debug|x64.Build.0 = Debug|x64
		{37375FF1-8113-43B8-9DF0-791C64F34113}.Debug|x86.ActiveCfg = Debug|Win32
		{37375FF1-8113-43B8-9DF0-791C64F34113}.Debug|x86.Build.0 = Debug|Win32
		{37375FF1-8113-43B8-9DF0-791C64F34113}.Release|x64.ActiveCfg = Release|x64
		{37375FF1-8113-43B8-9DF0-791C64F34113}.Release|x64.Build.0 = Release|x64
		{37375FF1-8113-43B8-9DF0-791C64F34113}.Release|x86.ActiveCfg = Release|Win32
		{37375FF1-8113-43B8-9DF0-791C64F34113}.Release|x86.Build.0 = Release|Win32
		{0E6846B3-288C-42D1-A8DC-E78ACCC7588E}.Debug|x64.ActiveCfg = Debug|x64
		{0E6846B3-288C-42D1-A8DC-E78ACCC7588E}.Debug|x64.Build.0 = Debug|x64
		{0E6846B3-288C-42D1-A8DC-E78ACCC7588E}.Debug|x86.ActiveCfg = Debug|Win32
		{0E6846B3-288C-42D1-A8DC-E78ACCC7588E}.Debug|x86.Build.0 = Debug|Win32
		{0E6846B3-288C-42D1-A8DC-E78ACCC7588E}.Release|x64.ActiveCfg = Release|x64
		{0E6846B3-288C-42D1-A8DC-E78ACCC7588E}.Release|x64.Build.0 = Release|x64
		{0E6846B3-288C-42D1-A8DC-E78ACCC7588E}.Release|x86.ActiveCfg = Release|Win32
		{0E6846B3-288C-42D1-A8DC-E78ACCC7588E}.Release|x86.Build.0 = Release|Win32
	EndGlobalSection
	GlobalSection(SolutionProperties) = preSolution
		HideSolutionNode = FALSE
	EndGlobalSection
EndGlobal
