
Microsoft Visual Studio Solution File, Format Version 12.00
# Visual Studio 14
VisualStudioVersion = 14.0.25420.1
MinimumVisualStudioVersion = 10.0.40219.1
Project("{8BC9CEB8-8B4A-11D0-8D11-00A0C91BC942}") = "5.1 shoes1.c", "5.1 shoes1.c\5.1 shoes1.c.vcxproj", "{7CF3AF51-66E6-42BB-B101-D00A57B67B28}"
EndProject
Project("{8BC9CEB8-8B4A-11D0-8D11-00A0C91BC942}") = "5.2 shoes2.c", "5.2 shoes2.c\5.2 shoes2.c.vcxproj", "{7E920109-E1A5-4B1C-A36A-D239C468BAED}"
EndProject
Project("{8BC9CEB8-8B4A-11D0-8D11-00A0C91BC942}") = "5.3 golf.c", "5.3 golf.c\5.3 golf.c.vcxproj", "{3C6D3E31-0E61-4006-A8E9-0742F1088821}"
EndProject
Project("{8BC9CEB8-8B4A-11D0-8D11-00A0C91BC942}") = "5.4 squares.c", "5.4 squares.c\5.4 squares.c.vcxproj", "{1562358C-86B0-4E4D-8418-5930E50F0023}"
EndProject
Project("{8BC9CEB8-8B4A-11D0-8D11-00A0C91BC942}") = "5.5 wheat.c", "5.5 wheat.c\5.5 wheat.c.vcxproj", "{C682A3F4-489B-41A2-8015-D75B329384A9}"
EndProject
Project("{8BC9CEB8-8B4A-11D0-8D11-00A0C91BC942}") = "5.6 divide.c", "5.6 divide.c\5.6 divide.c.vcxproj", "{DA21C420-D244-46F8-A599-A86D256349B3}"
EndProject
Project("{8BC9CEB8-8B4A-11D0-8D11-00A0C91BC942}") = "5.7 rules.c", "5.7 rules.c\5.7 rules.c.vcxproj", "{893D68E5-133F-4BE3-9660-E5065DAF3AA3}"
EndProject
Project("{8BC9CEB8-8B4A-11D0-8D11-00A0C91BC942}") = "5.8 sizeof.c", "5.8 sizeof.c\5.8 sizeof.c.vcxproj", "{1650DA92-1D99-4D1C-9207-31EA4DB74BB7}"
EndProject
Project("{8BC9CEB8-8B4A-11D0-8D11-00A0C91BC942}") = "5.9 min_sec.c", "5.9 min_sec.c\5.9 min_sec.c.vcxproj", "{ABDA4C30-3848-4D7C-A670-86FBAB0438BB}"
EndProject
Project("{8BC9CEB8-8B4A-11D0-8D11-00A0C91BC942}") = "5.10 add_one.c", "5.10 add_one.c\5.10 add_one.c.vcxproj", "{F91CA863-65DE-47CA-B722-9704DB4B524B}"
EndProject
Project("{8BC9CEB8-8B4A-11D0-8D11-00A0C91BC942}") = "5.11 post_pre.c", "5.11 post_pre.c\5.11 post_pre.c.vcxproj", "{6F4C746C-6B9A-48CE-96A3-4E75E5B9C212}"
EndProject
Project("{8BC9CEB8-8B4A-11D0-8D11-00A0C91BC942}") = "5.12 bottles.c", "5.12 bottles.c\5.12 bottles.c.vcxproj", "{06583D23-AD6E-40F6-AF09-4013A86679E8}"
EndProject
Project("{8BC9CEB8-8B4A-11D0-8D11-00A0C91BC942}") = "5.13 addemup.c", "5.13 addemup.c\5.13 addemup.c.vcxproj", "{39EC5B04-78A1-400E-9053-E2F6FB335CAB}"
EndProject
Project("{8BC9CEB8-8B4A-11D0-8D11-00A0C91BC942}") = "5.14 convert.c", "5.14 convert.c\5.14 convert.c.vcxproj", "{046C072C-D42E-47C5-9942-2AD89D97D0C0}"
EndProject
Project("{8BC9CEB8-8B4A-11D0-8D11-00A0C91BC942}") = "5.15 pound.c", "5.15 pound.c\5.15 pound.c.vcxproj", "{4B1BE62A-21CD-4620-8D71-06C92D242A81}"
EndProject
Project("{8BC9CEB8-8B4A-11D0-8D11-00A0C91BC942}") = "5.16 running.c", "5.16 running.c\5.16 running.c.vcxproj", "{4B14F579-2763-42A7-B7C0-23BC9D5860A1}"
EndProject
Global
	GlobalSection(SolutionConfigurationPlatforms) = preSolution
		Debug|x64 = Debug|x64
		Debug|x86 = Debug|x86
		Release|x64 = Release|x64
		Release|x86 = Release|x86
	EndGlobalSection
	GlobalSection(ProjectConfigurationPlatforms) = postSolution
		{7CF3AF51-66E6-42BB-B101-D00A57B67B28}.Debug|x64.ActiveCfg = Debug|x64
		{7CF3AF51-66E6-42BB-B101-D00A57B67B28}.Debug|x64.Build.0 = Debug|x64
		{7CF3AF51-66E6-42BB-B101-D00A57B67B28}.Debug|x86.ActiveCfg = Debug|Win32
		{7CF3AF51-66E6-42BB-B101-D00A57B67B28}.Debug|x86.Build.0 = Debug|Win32
		{7CF3AF51-66E6-42BB-B101-D00A57B67B28}.Release|x64.ActiveCfg = Release|x64
		{7CF3AF51-66E6-42BB-B101-D00A57B67B28}.Release|x64.Build.0 = Release|x64
		{7CF3AF51-66E6-42BB-B101-D00A57B67B28}.Release|x86.ActiveCfg = Release|Win32
		{7CF3AF51-66E6-42BB-B101-D00A57B67B28}.Release|x86.Build.0 = Release|Win32
		{7E920109-E1A5-4B1C-A36A-D239C468BAED}.Debug|x64.ActiveCfg = Debug|x64
		{7E920109-E1A5-4B1C-A36A-D239C468BAED}.Debug|x64.Build.0 = Debug|x64
		{7E920109-E1A5-4B1C-A36A-D239C468BAED}.Debug|x86.ActiveCfg = Debug|Win32
		{7E920109-E1A5-4B1C-A36A-D239C468BAED}.Debug|x86.Build.0 = Debug|Win32
		{7E920109-E1A5-4B1C-A36A-D239C468BAED}.Release|x64.ActiveCfg = Release|x64
		{7E920109-E1A5-4B1C-A36A-D239C468BAED}.Release|x64.Build.0 = Release|x64
		{7E920109-E1A5-4B1C-A36A-D239C468BAED}.Release|x86.ActiveCfg = Release|Win32
		{7E920109-E1A5-4B1C-A36A-D239C468BAED}.Release|x86.Build.0 = Release|Win32
		{3C6D3E31-0E61-4006-A8E9-0742F1088821}.Debug|x64.ActiveCfg = Debug|x64
		{3C6D3E31-0E61-4006-A8E9-0742F1088821}.Debug|x64.Build.0 = Debug|x64
		{3C6D3E31-0E61-4006-A8E9-0742F1088821}.Debug|x86.ActiveCfg = Debug|Win32
		{3C6D3E31-0E61-4006-A8E9-0742F1088821}.Debug|x86.Build.0 = Debug|Win32
		{3C6D3E31-0E61-4006-A8E9-0742F1088821}.Release|x64.ActiveCfg = Release|x64
		{3C6D3E31-0E61-4006-A8E9-0742F1088821}.Release|x64.Build.0 = Release|x64
		{3C6D3E31-0E61-4006-A8E9-0742F1088821}.Release|x86.ActiveCfg = Release|Win32
		{3C6D3E31-0E61-4006-A8E9-0742F1088821}.Release|x86.Build.0 = Release|Win32
		{1562358C-86B0-4E4D-8418-5930E50F0023}.Debug|x64.ActiveCfg = Debug|x64
		{1562358C-86B0-4E4D-8418-5930E50F0023}.Debug|x64.Build.0 = Debug|x64
		{1562358C-86B0-4E4D-8418-5930E50F0023}.Debug|x86.ActiveCfg = Debug|Win32
		{1562358C-86B0-4E4D-8418-5930E50F0023}.Debug|x86.Build.0 = Debug|Win32
		{1562358C-86B0-4E4D-8418-5930E50F0023}.Release|x64.ActiveCfg = Release|x64
		{1562358C-86B0-4E4D-8418-5930E50F0023}.Release|x64.Build.0 = Release|x64
		{1562358C-86B0-4E4D-8418-5930E50F0023}.Release|x86.ActiveCfg = Release|Win32
		{1562358C-86B0-4E4D-8418-5930E50F0023}.Release|x86.Build.0 = Release|Win32
		{C682A3F4-489B-41A2-8015-D75B329384A9}.Debug|x64.ActiveCfg = Debug|x64
		{C682A3F4-489B-41A2-8015-D75B329384A9}.Debug|x64.Build.0 = Debug|x64
		{C682A3F4-489B-41A2-8015-D75B329384A9}.Debug|x86.ActiveCfg = Debug|Win32
		{C682A3F4-489B-41A2-8015-D75B329384A9}.Debug|x86.Build.0 = Debug|Win32
		{C682A3F4-489B-41A2-8015-D75B329384A9}.Release|x64.ActiveCfg = Release|x64
		{C682A3F4-489B-41A2-8015-D75B329384A9}.Release|x64.Build.0 = Release|x64
		{C682A3F4-489B-41A2-8015-D75B329384A9}.Release|x86.ActiveCfg = Release|Win32
		{C682A3F4-489B-41A2-8015-D75B329384A9}.Release|x86.Build.0 = Release|Win32
		{DA21C420-D244-46F8-A599-A86D256349B3}.Debug|x64.ActiveCfg = Debug|x64
		{DA21C420-D244-46F8-A599-A86D256349B3}.Debug|x64.Build.0 = Debug|x64
		{DA21C420-D244-46F8-A599-A86D256349B3}.Debug|x86.ActiveCfg = Debug|Win32
		{DA21C420-D244-46F8-A599-A86D256349B3}.Debug|x86.Build.0 = Debug|Win32
		{DA21C420-D244-46F8-A599-A86D256349B3}.Release|x64.ActiveCfg = Release|x64
		{DA21C420-D244-46F8-A599-A86D256349B3}.Release|x64.Build.0 = Release|x64
		{DA21C420-D244-46F8-A599-A86D256349B3}.Release|x86.ActiveCfg = Release|Win32
		{DA21C420-D244-46F8-A599-A86D256349B3}.Release|x86.Build.0 = Release|Win32
		{893D68E5-133F-4BE3-9660-E5065DAF3AA3}.Debug|x64.ActiveCfg = Debug|x64
		{893D68E5-133F-4BE3-9660-E5065DAF3AA3}.Debug|x64.Build.0 = Debug|x64
		{893D68E5-133F-4BE3-9660-E5065DAF3AA3}.Debug|x86.ActiveCfg = Debug|Win32
		{893D68E5-133F-4BE3-9660-E5065DAF3AA3}.Debug|x86.Build.0 = Debug|Win32
		{893D68E5-133F-4BE3-9660-E5065DAF3AA3}.Release|x64.ActiveCfg = Release|x64
		{893D68E5-133F-4BE3-9660-E5065DAF3AA3}.Release|x64.Build.0 = Release|x64
		{893D68E5-133F-4BE3-9660-E5065DAF3AA3}.Release|x86.ActiveCfg = Release|Win32
		{893D68E5-133F-4BE3-9660-E5065DAF3AA3}.Release|x86.Build.0 = Release|Win32
		{1650DA92-1D99-4D1C-9207-31EA4DB74BB7}.Debug|x64.ActiveCfg = Debug|x64
		{1650DA92-1D99-4D1C-9207-31EA4DB74BB7}.Debug|x64.Build.0 = Debug|x64
		{1650DA92-1D99-4D1C-9207-31EA4DB74BB7}.Debug|x86.ActiveCfg = Debug|Win32
		{1650DA92-1D99-4D1C-9207-31EA4DB74BB7}.Debug|x86.Build.0 = Debug|Win32
		{1650DA92-1D99-4D1C-9207-31EA4DB74BB7}.Release|x64.ActiveCfg = Release|x64
		{1650DA92-1D99-4D1C-9207-31EA4DB74BB7}.Release|x64.Build.0 = Release|x64
		{1650DA92-1D99-4D1C-9207-31EA4DB74BB7}.Release|x86.ActiveCfg = Release|Win32
		{1650DA92-1D99-4D1C-9207-31EA4DB74BB7}.Release|x86.Build.0 = Release|Win32
		{ABDA4C30-3848-4D7C-A670-86FBAB0438BB}.Debug|x64.ActiveCfg = Debug|x64
		{ABDA4C30-3848-4D7C-A670-86FBAB0438BB}.Debug|x64.Build.0 = Debug|x64
		{ABDA4C30-3848-4D7C-A670-86FBAB0438BB}.Debug|x86.ActiveCfg = Debug|Win32
		{ABDA4C30-3848-4D7C-A670-86FBAB0438BB}.Debug|x86.Build.0 = Debug|Win32
		{ABDA4C30-3848-4D7C-A670-86FBAB0438BB}.Release|x64.ActiveCfg = Release|x64
		{ABDA4C30-3848-4D7C-A670-86FBAB0438BB}.Release|x64.Build.0 = Release|x64
		{ABDA4C30-3848-4D7C-A670-86FBAB0438BB}.Release|x86.ActiveCfg = Release|Win32
		{ABDA4C30-3848-4D7C-A670-86FBAB0438BB}.Release|x86.Build.0 = Release|Win32
		{F91CA863-65DE-47CA-B722-9704DB4B524B}.Debug|x64.ActiveCfg = Debug|x64
		{F91CA863-65DE-47CA-B722-9704DB4B524B}.Debug|x64.Build.0 = Debug|x64
		{F91CA863-65DE-47CA-B722-9704DB4B524B}.Debug|x86.ActiveCfg = Debug|Win32
		{F91CA863-65DE-47CA-B722-9704DB4B524B}.Debug|x86.Build.0 = Debug|Win32
		{F91CA863-65DE-47CA-B722-9704DB4B524B}.Release|x64.ActiveCfg = Release|x64
		{F91CA863-65DE-47CA-B722-9704DB4B524B}.Release|x64.Build.0 = Release|x64
		{F91CA863-65DE-47CA-B722-9704DB4B524B}.Release|x86.ActiveCfg = Release|Win32
		{F91CA863-65DE-47CA-B722-9704DB4B524B}.Release|x86.Build.0 = Release|Win32
		{6F4C746C-6B9A-48CE-96A3-4E75E5B9C212}.Debug|x64.ActiveCfg = Debug|x64
		{6F4C746C-6B9A-48CE-96A3-4E75E5B9C212}.Debug|x64.Build.0 = Debug|x64
		{6F4C746C-6B9A-48CE-96A3-4E75E5B9C212}.Debug|x86.ActiveCfg = Debug|Win32
		{6F4C746C-6B9A-48CE-96A3-4E75E5B9C212}.Debug|x86.Build.0 = Debug|Win32
		{6F4C746C-6B9A-48CE-96A3-4E75E5B9C212}.Release|x64.ActiveCfg = Release|x64
		{6F4C746C-6B9A-48CE-96A3-4E75E5B9C212}.Release|x64.Build.0 = Release|x64
		{6F4C746C-6B9A-48CE-96A3-4E75E5B9C212}.Release|x86.ActiveCfg = Release|Win32
		{6F4C746C-6B9A-48CE-96A3-4E75E5B9C212}.Release|x86.Build.0 = Release|Win32
		{06583D23-AD6E-40F6-AF09-4013A86679E8}.Debug|x64.ActiveCfg = Debug|x64
		{06583D23-AD6E-40F6-AF09-4013A86679E8}.Debug|x64.Build.0 = Debug|x64
		{06583D23-AD6E-40F6-AF09-4013A86679E8}.Debug|x86.ActiveCfg = Debug|Win32
		{06583D23-AD6E-40F6-AF09-4013A86679E8}.Debug|x86.Build.0 = Debug|Win32
		{06583D23-AD6E-40F6-AF09-4013A86679E8}.Release|x64.ActiveCfg = Release|x64
		{06583D23-AD6E-40F6-AF09-4013A86679E8}.Release|x64.Build.0 = Release|x64
		{06583D23-AD6E-40F6-AF09-4013A86679E8}.Release|x86.ActiveCfg = Release|Win32
		{06583D23-AD6E-40F6-AF09-4013A86679E8}.Release|x86.Build.0 = Release|Win32
		{39EC5B04-78A1-400E-9053-E2F6FB335CAB}.Debug|x64.ActiveCfg = Debug|x64
		{39EC5B04-78A1-400E-9053-E2F6FB335CAB}.Debug|x64.Build.0 = Debug|x64
		{39EC5B04-78A1-400E-9053-E2F6FB335CAB}.Debug|x86.ActiveCfg = Debug|Win32
		{39EC5B04-78A1-400E-9053-E2F6FB335CAB}.Debug|x86.Build.0 = Debug|Win32
		{39EC5B04-78A1-400E-9053-E2F6FB335CAB}.Release|x64.ActiveCfg = Release|x64
		{39EC5B04-78A1-400E-9053-E2F6FB335CAB}.Release|x64.Build.0 = Release|x64
		{39EC5B04-78A1-400E-9053-E2F6FB335CAB}.Release|x86.ActiveCfg = Release|Win32
		{39EC5B04-78A1-400E-9053-E2F6FB335CAB}.Release|x86.Build.0 = Release|Win32
		{046C072C-D42E-47C5-9942-2AD89D97D0C0}.Debug|x64.ActiveCfg = Debug|x64
		{046C072C-D42E-47C5-9942-2AD89D97D0C0}.Debug|x64.Build.0 = Debug|x64
		{046C072C-D42E-47C5-9942-2AD89D97D0C0}.Debug|x86.ActiveCfg = Debug|Win32
		{046C072C-D42E-47C5-9942-2AD89D97D0C0}.Debug|x86.Build.0 = Debug|Win32
		{046C072C-D42E-47C5-9942-2AD89D97D0C0}.Release|x64.ActiveCfg = Release|x64
		{046C072C-D42E-47C5-9942-2AD89D97D0C0}.Release|x64.Build.0 = Release|x64
		{046C072C-D42E-47C5-9942-2AD89D97D0C0}.Release|x86.ActiveCfg = Release|Win32
		{046C072C-D42E-47C5-9942-2AD89D97D0C0}.Release|x86.Build.0 = Release|Win32
		{4B1BE62A-21CD-4620-8D71-06C92D242A81}.Debug|x64.ActiveCfg = Debug|x64
		{4B1BE62A-21CD-4620-8D71-06C92D242A81}.Debug|x64.Build.0 = Debug|x64
		{4B1BE62A-21CD-4620-8D71-06C92D242A81}.Debug|x86.ActiveCfg = Debug|Win32
		{4B1BE62A-21CD-4620-8D71-06C92D242A81}.Debug|x86.Build.0 = Debug|Win32
		{4B1BE62A-21CD-4620-8D71-06C92D242A81}.Release|x64.ActiveCfg = Release|x64
		{4B1BE62A-21CD-4620-8D71-06C92D242A81}.Release|x64.Build.0 = Release|x64
		{4B1BE62A-21CD-4620-8D71-06C92D242A81}.Release|x86.ActiveCfg = Release|Win32
		{4B1BE62A-21CD-4620-8D71-06C92D242A81}.Release|x86.Build.0 = Release|Win32
		{4B14F579-2763-42A7-B7C0-23BC9D5860A1}.Debug|x64.ActiveCfg = Debug|x64
		{4B14F579-2763-42A7-B7C0-23BC9D5860A1}.Debug|x64.Build.0 = Debug|x64
		{4B14F579-2763-42A7-B7C0-23BC9D5860A1}.Debug|x86.ActiveCfg = Debug|Win32
		{4B14F579-2763-42A7-B7C0-23BC9D5860A1}.Debug|x86.Build.0 = Debug|Win32
		{4B14F579-2763-42A7-B7C0-23BC9D5860A1}.Release|x64.ActiveCfg = Release|x64
		{4B14F579-2763-42A7-B7C0-23BC9D5860A1}.Release|x64.Build.0 = Release|x64
		{4B14F579-2763-42A7-B7C0-23BC9D5860A1}.Release|x86.ActiveCfg = Release|Win32
		{4B14F579-2763-42A7-B7C0-23BC9D5860A1}.Release|x86.Build.0 = Release|Win32
	EndGlobalSection
	GlobalSection(SolutionProperties) = preSolution
		HideSolutionNode = FALSE
	EndGlobalSection
EndGlobal
