
Microsoft Visual Studio Solution File, Format Version 12.00
# Visual Studio 14
VisualStudioVersion = 14.0.25420.1
MinimumVisualStudioVersion = 10.0.40219.1
Project("{8BC9CEB8-8B4A-11D0-8D11-00A0C91BC942}") = "4.1 talkback.c", "4.1 talkback.c\4.1 talkback.c.vcxproj", "{3563E7ED-2027-45C0-8534-A4FC1CBC0BD5}"
EndProject
Project("{8BC9CEB8-8B4A-11D0-8D11-00A0C91BC942}") = "4.2 praise1.c", "4.2 praise1.c\4.2 praise1.c.vcxproj", "{4AD59F8C-4431-4739-9876-10A1ECDCBF79}"
EndProject
Project("{8BC9CEB8-8B4A-11D0-8D11-00A0C91BC942}") = "4.3 praise2.c", "4.3 praise2.c\4.3 praise2.c.vcxproj", "{73335DD6-950A-406D-A351-77510289DE62}"
EndProject
Project("{8BC9CEB8-8B4A-11D0-8D11-00A0C91BC942}") = "4.4 pizza.c", "4.4 pizza.c\4.4 pizza.c.vcxproj", "{4C552AAB-ED53-4D56-99F5-5F60E420E88C}"
EndProject
Project("{8BC9CEB8-8B4A-11D0-8D11-00A0C91BC942}") = "4.5 defines.c", "4.5 defines.c\4.5 defines.c.vcxproj", "{FED2C239-344D-4D5A-A18C-284BAA47CEB3}"
EndProject
Project("{8BC9CEB8-8B4A-11D0-8D11-00A0C91BC942}") = "4.6 printout.c", "4.6 printout.c\4.6 printout.c.vcxproj", "{57A1CA28-05D2-4EB8-89A9-6273EDA13CD2}"
EndProject
Project("{8BC9CEB8-8B4A-11D0-8D11-00A0C91BC942}") = "4.7 width.c", "4.7 width.c\4.7 width.c.vcxproj", "{C3BB4916-C188-4ADA-BD4D-6CB37E554257}"
EndProject
Project("{8BC9CEB8-8B4A-11D0-8D11-00A0C91BC942}") = "4.8 floats.c", "4.8 floats.c\4.8 floats.c.vcxproj", "{6A05559F-6F40-4246-8218-E3B83323EF8F}"
EndProject
Project("{8BC9CEB8-8B4A-11D0-8D11-00A0C91BC942}") = "4.9 flags.c", "4.9 flags.c\4.9 flags.c.vcxproj", "{B6582D6E-8A54-4ECE-B7CF-AAA016B19397}"
EndProject
Project("{8BC9CEB8-8B4A-11D0-8D11-00A0C91BC942}") = "4.10 stringf.c", "4.10 stringf.c\4.10 stringf.c.vcxproj", "{F41E34B8-3052-49A4-BAB2-6058FE06B507}"
EndProject
Project("{8BC9CEB8-8B4A-11D0-8D11-00A0C91BC942}") = "4.11 intconv.c", "4.11 intconv.c\4.11 intconv.c.vcxproj", "{E53035DA-4976-4E10-A5A4-C42D1DC260D5}"
EndProject
Project("{8BC9CEB8-8B4A-11D0-8D11-00A0C91BC942}") = "4.12 floatcnv.c", "4.12 floatcnv.c\4.12 floatcnv.c.vcxproj", "{5D4857AF-873F-4EDB-8EE6-FA553B709976}"
EndProject
Project("{8BC9CEB8-8B4A-11D0-8D11-00A0C91BC942}") = "4.13 prntval.c", "4.13 prntval.c\4.13 prntval.c.vcxproj", "{9A9A6CFA-86E6-4818-B3C9-D8394C21F105}"
EndProject
Project("{8BC9CEB8-8B4A-11D0-8D11-00A0C91BC942}") = "4.14 longstrg.c", "4.14 longstrg.c\4.14 longstrg.c.vcxproj", "{13680AF7-42EC-4F77-B476-05DBF4E7228F}"
EndProject
Project("{8BC9CEB8-8B4A-11D0-8D11-00A0C91BC942}") = "4.15 input.c", "4.15 input.c\4.15 input.c.vcxproj", "{5827E7E2-F613-492F-9CC3-1D63FC00C645}"
EndProject
Project("{8BC9CEB8-8B4A-11D0-8D11-00A0C91BC942}") = "4.16 varwid.c", "4.16 varwid.c\4.16 varwid.c.vcxproj", "{109C32B8-E21D-4BC7-BBE6-D617587CAE3F}"
EndProject
Project("{8BC9CEB8-8B4A-11D0-8D11-00A0C91BC942}") = "4.17 skip2.c", "4.17 skip2.c\4.17 skip2.c.vcxproj", "{F45CF1A4-237B-442C-BFE7-6711B53FA9DB}"
EndProject
Global
	GlobalSection(SolutionConfigurationPlatforms) = preSolution
		Debug|x64 = Debug|x64
		Debug|x86 = Debug|x86
		Release|x64 = Release|x64
		Release|x86 = Release|x86
	EndGlobalSection
	GlobalSection(ProjectConfigurationPlatforms) = postSolution
		{3563E7ED-2027-45C0-8534-A4FC1CBC0BD5}.Debug|x64.ActiveCfg = Debug|x64
		{3563E7ED-2027-45C0-8534-A4FC1CBC0BD5}.Debug|x64.Build.0 = Debug|x64
		{3563E7ED-2027-45C0-8534-A4FC1CBC0BD5}.Debug|x86.ActiveCfg = Debug|Win32
		{3563E7ED-2027-45C0-8534-A4FC1CBC0BD5}.Debug|x86.Build.0 = Debug|Win32
		{3563E7ED-2027-45C0-8534-A4FC1CBC0BD5}.Release|x64.ActiveCfg = Release|x64
		{3563E7ED-2027-45C0-8534-A4FC1CBC0BD5}.Release|x64.Build.0 = Release|x64
		{3563E7ED-2027-45C0-8534-A4FC1CBC0BD5}.Release|x86.ActiveCfg = Release|Win32
		{3563E7ED-2027-45C0-8534-A4FC1CBC0BD5}.Release|x86.Build.0 = Release|Win32
		{4AD59F8C-4431-4739-9876-10A1ECDCBF79}.Debug|x64.ActiveCfg = Debug|x64
		{4AD59F8C-4431-4739-9876-10A1ECDCBF79}.Debug|x64.Build.0 = Debug|x64
		{4AD59F8C-4431-4739-9876-10A1ECDCBF79}.Debug|x86.ActiveCfg = Debug|Win32
		{4AD59F8C-4431-4739-9876-10A1ECDCBF79}.Debug|x86.Build.0 = Debug|Win32
		{4AD59F8C-4431-4739-9876-10A1ECDCBF79}.Release|x64.ActiveCfg = Release|x64
		{4AD59F8C-4431-4739-9876-10A1ECDCBF79}.Release|x64.Build.0 = Release|x64
		{4AD59F8C-4431-4739-9876-10A1ECDCBF79}.Release|x86.ActiveCfg = Release|Win32
		{4AD59F8C-4431-4739-9876-10A1ECDCBF79}.Release|x86.Build.0 = Release|Win32
		{73335DD6-950A-406D-A351-77510289DE62}.Debug|x64.ActiveCfg = Debug|x64
		{73335DD6-950A-406D-A351-77510289DE62}.Debug|x64.Build.0 = Debug|x64
		{73335DD6-950A-406D-A351-77510289DE62}.Debug|x86.ActiveCfg = Debug|Win32
		{73335DD6-950A-406D-A351-77510289DE62}.Debug|x86.Build.0 = Debug|Win32
		{73335DD6-950A-406D-A351-77510289DE62}.Release|x64.ActiveCfg = Release|x64
		{73335DD6-950A-406D-A351-77510289DE62}.Release|x64.Build.0 = Release|x64
		{73335DD6-950A-406D-A351-77510289DE62}.Release|x86.ActiveCfg = Release|Win32
		{73335DD6-950A-406D-A351-77510289DE62}.Release|x86.Build.0 = Release|Win32
		{4C552AAB-ED53-4D56-99F5-5F60E420E88C}.Debug|x64.ActiveCfg = Debug|x64
		{4C552AAB-ED53-4D56-99F5-5F60E420E88C}.Debug|x64.Build.0 = Debug|x64
		{4C552AAB-ED53-4D56-99F5-5F60E420E88C}.Debug|x86.ActiveCfg = Debug|Win32
		{4C552AAB-ED53-4D56-99F5-5F60E420E88C}.Debug|x86.Build.0 = Debug|Win32
		{4C552AAB-ED53-4D56-99F5-5F60E420E88C}.Release|x64.ActiveCfg = Release|x64
		{4C552AAB-ED53-4D56-99F5-5F60E420E88C}.Release|x64.Build.0 = Release|x64
		{4C552AAB-ED53-4D56-99F5-5F60E420E88C}.Release|x86.ActiveCfg = Release|Win32
		{4C552AAB-ED53-4D56-99F5-5F60E420E88C}.Release|x86.Build.0 = Release|Win32
		{FED2C239-344D-4D5A-A18C-284BAA47CEB3}.Debug|x64.ActiveCfg = Debug|x64
		{FED2C239-344D-4D5A-A18C-284BAA47CEB3}.Debug|x64.Build.0 = Debug|x64
		{FED2C239-344D-4D5A-A18C-284BAA47CEB3}.Debug|x86.ActiveCfg = Debug|Win32
		{FED2C239-344D-4D5A-A18C-284BAA47CEB3}.Debug|x86.Build.0 = Debug|Win32
		{FED2C239-344D-4D5A-A18C-284BAA47CEB3}.Release|x64.ActiveCfg = Release|x64
		{FED2C239-344D-4D5A-A18C-284BAA47CEB3}.Release|x64.Build.0 = Release|x64
		{FED2C239-344D-4D5A-A18C-284BAA47CEB3}.Release|x86.ActiveCfg = Release|Win32
		{FED2C239-344D-4D5A-A18C-284BAA47CEB3}.Release|x86.Build.0 = Release|Win32
		{57A1CA28-05D2-4EB8-89A9-6273EDA13CD2}.Debug|x64.ActiveCfg = Debug|x64
		{57A1CA28-05D2-4EB8-89A9-6273EDA13CD2}.Debug|x64.Build.0 = Debug|x64
		{57A1CA28-05D2-4EB8-89A9-6273EDA13CD2}.Debug|x86.ActiveCfg = Debug|Win32
		{57A1CA28-05D2-4EB8-89A9-6273EDA13CD2}.Debug|x86.Build.0 = Debug|Win32
		{57A1CA28-05D2-4EB8-89A9-6273EDA13CD2}.Release|x64.ActiveCfg = Release|x64
		{57A1CA28-05D2-4EB8-89A9-6273EDA13CD2}.Release|x64.Build.0 = Release|x64
		{57A1CA28-05D2-4EB8-89A9-6273EDA13CD2}.Release|x86.ActiveCfg = Release|Win32
		{57A1CA28-05D2-4EB8-89A9-6273EDA13CD2}.Release|x86.Build.0 = Release|Win32
		{C3BB4916-C188-4ADA-BD4D-6CB37E554257}.Debug|x64.ActiveCfg = Debug|x64
		{C3BB4916-C188-4ADA-BD4D-6CB37E554257}.Debug|x64.Build.0 = Debug|x64
		{C3BB4916-C188-4ADA-BD4D-6CB37E554257}.Debug|x86.ActiveCfg = Debug|Win32
		{C3BB4916-C188-4ADA-BD4D-6CB37E554257}.Debug|x86.Build.0 = Debug|Win32
		{C3BB4916-C188-4ADA-BD4D-6CB37E554257}.Release|x64.ActiveCfg = Release|x64
		{C3BB4916-C188-4ADA-BD4D-6CB37E554257}.Release|x64.Build.0 = Release|x64
		{C3BB4916-C188-4ADA-BD4D-6CB37E554257}.Release|x86.ActiveCfg = Release|Win32
		{C3BB4916-C188-4ADA-BD4D-6CB37E554257}.Release|x86.Build.0 = Release|Win32
		{6A05559F-6F40-4246-8218-E3B83323EF8F}.Debug|x64.ActiveCfg = Debug|x64
		{6A05559F-6F40-4246-8218-E3B83323EF8F}.Debug|x64.Build.0 = Debug|x64
		{6A05559F-6F40-4246-8218-E3B83323EF8F}.Debug|x86.ActiveCfg = Debug|Win32
		{6A05559F-6F40-4246-8218-E3B83323EF8F}.Debug|x86.Build.0 = Debug|Win32
		{6A05559F-6F40-4246-8218-E3B83323EF8F}.Release|x64.ActiveCfg = Release|x64
		{6A05559F-6F40-4246-8218-E3B83323EF8F}.Release|x64.Build.0 = Release|x64
		{6A05559F-6F40-4246-8218-E3B83323EF8F}.Release|x86.ActiveCfg = Release|Win32
		{6A05559F-6F40-4246-8218-E3B83323EF8F}.Release|x86.Build.0 = Release|Win32
		{B6582D6E-8A54-4ECE-B7CF-AAA016B19397}.Debug|x64.ActiveCfg = Debug|x64
		{B6582D6E-8A54-4ECE-B7CF-AAA016B19397}.Debug|x64.Build.0 = Debug|x64
		{B6582D6E-8A54-4ECE-B7CF-AAA016B19397}.Debug|x86.ActiveCfg = Debug|Win32
		{B6582D6E-8A54-4ECE-B7CF-AAA016B19397}.Debug|x86.Build.0 = Debug|Win32
		{B6582D6E-8A54-4ECE-B7CF-AAA016B19397}.Release|x64.ActiveCfg = Release|x64
		{B6582D6E-8A54-4ECE-B7CF-AAA016B19397}.Release|x64.Build.0 = Release|x64
		{B6582D6E-8A54-4ECE-B7CF-AAA016B19397}.Release|x86.ActiveCfg = Release|Win32
		{B6582D6E-8A54-4ECE-B7CF-AAA016B19397}.Release|x86.Build.0 = Release|Win32
		{F41E34B8-3052-49A4-BAB2-6058FE06B507}.Debug|x64.ActiveCfg = Debug|x64
		{F41E34B8-3052-49A4-BAB2-6058FE06B507}.Debug|x64.Build.0 = Debug|x64
		{F41E34B8-3052-49A4-BAB2-6058FE06B507}.Debug|x86.ActiveCfg = Debug|Win32
		{F41E34B8-3052-49A4-BAB2-6058FE06B507}.Debug|x86.Build.0 = Debug|Win32
		{F41E34B8-3052-49A4-BAB2-6058FE06B507}.Release|x64.ActiveCfg = Release|x64
		{F41E34B8-3052-49A4-BAB2-6058FE06B507}.Release|x64.Build.0 = Release|x64
		{F41E34B8-3052-49A4-BAB2-6058FE06B507}.Release|x86.ActiveCfg = Release|Win32
		{F41E34B8-3052-49A4-BAB2-6058FE06B507}.Release|x86.Build.0 = Release|Win32
		{E53035DA-4976-4E10-A5A4-C42D1DC260D5}.Debug|x64.ActiveCfg = Debug|x64
		{E53035DA-4976-4E10-A5A4-C42D1DC260D5}.Debug|x64.Build.0 = Debug|x64
		{E53035DA-4976-4E10-A5A4-C42D1DC260D5}.Debug|x86.ActiveCfg = Debug|Win32
		{E53035DA-4976-4E10-A5A4-C42D1DC260D5}.Debug|x86.Build.0 = Debug|Win32
		{E53035DA-4976-4E10-A5A4-C42D1DC260D5}.Release|x64.ActiveCfg = Release|x64
		{E53035DA-4976-4E10-A5A4-C42D1DC260D5}.Release|x64.Build.0 = Release|x64
		{E53035DA-4976-4E10-A5A4-C42D1DC260D5}.Release|x86.ActiveCfg = Release|Win32
		{E53035DA-4976-4E10-A5A4-C42D1DC260D5}.Release|x86.Build.0 = Release|Win32
		{5D4857AF-873F-4EDB-8EE6-FA553B709976}.Debug|x64.ActiveCfg = Debug|x64
		{5D4857AF-873F-4EDB-8EE6-FA553B709976}.Debug|x64.Build.0 = Debug|x64
		{5D4857AF-873F-4EDB-8EE6-FA553B709976}.Debug|x86.ActiveCfg = Debug|Win32
		{5D4857AF-873F-4EDB-8EE6-FA553B709976}.Debug|x86.Build.0 = Debug|Win32
		{5D4857AF-873F-4EDB-8EE6-FA553B709976}.Release|x64.ActiveCfg = Release|x64
		{5D4857AF-873F-4EDB-8EE6-FA553B709976}.Release|x64.Build.0 = Release|x64
		{5D4857AF-873F-4EDB-8EE6-FA553B709976}.Release|x86.ActiveCfg = Release|Win32
		{5D4857AF-873F-4EDB-8EE6-FA553B709976}.Release|x86.Build.0 = Release|Win32
		{9A9A6CFA-86E6-4818-B3C9-D8394C21F105}.Debug|x64.ActiveCfg = Debug|x64
		{9A9A6CFA-86E6-4818-B3C9-D8394C21F105}.Debug|x64.Build.0 = Debug|x64
		{9A9A6CFA-86E6-4818-B3C9-D8394C21F105}.Debug|x86.ActiveCfg = Debug|Win32
		{9A9A6CFA-86E6-4818-B3C9-D8394C21F105}.Debug|x86.Build.0 = Debug|Win32
		{9A9A6CFA-86E6-4818-B3C9-D8394C21F105}.Release|x64.ActiveCfg = Release|x64
		{9A9A6CFA-86E6-4818-B3C9-D8394C21F105}.Release|x64.Build.0 = Release|x64
		{9A9A6CFA-86E6-4818-B3C9-D8394C21F105}.Release|x86.ActiveCfg = Release|Win32
		{9A9A6CFA-86E6-4818-B3C9-D8394C21F105}.Release|x86.Build.0 = Release|Win32
		{13680AF7-42EC-4F77-B476-05DBF4E7228F}.Debug|x64.ActiveCfg = Debug|x64
		{13680AF7-42EC-4F77-B476-05DBF4E7228F}.Debug|x64.Build.0 = Debug|x64
		{13680AF7-42EC-4F77-B476-05DBF4E7228F}.Debug|x86.ActiveCfg = Debug|Win32
		{13680AF7-42EC-4F77-B476-05DBF4E7228F}.Debug|x86.Build.0 = Debug|Win32
		{13680AF7-42EC-4F77-B476-05DBF4E7228F}.Release|x64.ActiveCfg = Release|x64
		{13680AF7-42EC-4F77-B476-05DBF4E7228F}.Release|x64.Build.0 = Release|x64
		{13680AF7-42EC-4F77-B476-05DBF4E7228F}.Release|x86.ActiveCfg = Release|Win32
		{13680AF7-42EC-4F77-B476-05DBF4E7228F}.Release|x86.Build.0 = Release|Win32
		{5827E7E2-F613-492F-9CC3-1D63FC00C645}.Debug|x64.ActiveCfg = Debug|x64
		{5827E7E2-F613-492F-9CC3-1D63FC00C645}.Debug|x64.Build.0 = Debug|x64
		{5827E7E2-F613-492F-9CC3-1D63FC00C645}.Debug|x86.ActiveCfg = Debug|Win32
		{5827E7E2-F613-492F-9CC3-1D63FC00C645}.Debug|x86.Build.0 = Debug|Win32
		{5827E7E2-F613-492F-9CC3-1D63FC00C645}.Release|x64.ActiveCfg = Release|x64
		{5827E7E2-F613-492F-9CC3-1D63FC00C645}.Release|x64.Build.0 = Release|x64
		{5827E7E2-F613-492F-9CC3-1D63FC00C645}.Release|x86.ActiveCfg = Release|Win32
		{5827E7E2-F613-492F-9CC3-1D63FC00C645}.Release|x86.Build.0 = Release|Win32
		{109C32B8-E21D-4BC7-BBE6-D617587CAE3F}.Debug|x64.ActiveCfg = Debug|x64
		{109C32B8-E21D-4BC7-BBE6-D617587CAE3F}.Debug|x64.Build.0 = Debug|x64
		{109C32B8-E21D-4BC7-BBE6-D617587CAE3F}.Debug|x86.ActiveCfg = Debug|Win32
		{109C32B8-E21D-4BC7-BBE6-D617587CAE3F}.Debug|x86.Build.0 = Debug|Win32
		{109C32B8-E21D-4BC7-BBE6-D617587CAE3F}.Release|x64.ActiveCfg = Release|x64
		{109C32B8-E21D-4BC7-BBE6-D617587CAE3F}.Release|x64.Build.0 = Release|x64
		{109C32B8-E21D-4BC7-BBE6-D617587CAE3F}.Release|x86.ActiveCfg = Release|Win32
		{109C32B8-E21D-4BC7-BBE6-D617587CAE3F}.Release|x86.Build.0 = Release|Win32
		{F45CF1A4-237B-442C-BFE7-6711B53FA9DB}.Debug|x64.ActiveCfg = Debug|x64
		{F45CF1A4-237B-442C-BFE7-6711B53FA9DB}.Debug|x64.Build.0 = Debug|x64
		{F45CF1A4-237B-442C-BFE7-6711B53FA9DB}.Debug|x86.ActiveCfg = Debug|Win32
		{F45CF1A4-237B-442C-BFE7-6711B53FA9DB}.Debug|x86.Build.0 = Debug|Win32
		{F45CF1A4-237B-442C-BFE7-6711B53FA9DB}.Release|x64.ActiveCfg = Release|x64
		{F45CF1A4-237B-442C-BFE7-6711B53FA9DB}.Release|x64.Build.0 = Release|x64
		{F45CF1A4-237B-442C-BFE7-6711B53FA9DB}.Release|x86.ActiveCfg = Release|Win32
		{F45CF1A4-237B-442C-BFE7-6711B53FA9DB}.Release|x86.Build.0 = Release|Win32
	EndGlobalSection
	GlobalSection(SolutionProperties) = preSolution
		HideSolutionNode = FALSE
	EndGlobalSection
EndGlobal
