
Microsoft Visual Studio Solution File, Format Version 12.00
# Visual Studio 14
VisualStudioVersion = 14.0.25420.1
MinimumVisualStudioVersion = 10.0.40219.1
Project("{8BC9CEB8-8B4A-11D0-8D11-00A0C91BC942}") = "7.12.1", "7.12.1\7.12.1.vcxproj", "{6FE82A40-E002-4411-9CF2-F1B2FC22F12C}"
EndProject
Project("{8BC9CEB8-8B4A-11D0-8D11-00A0C91BC942}") = "7.12.2", "7.12.2\7.12.2.vcxproj", "{9E2D7439-0055-45D4-97F4-2BEADDC2EC49}"
EndProject
Project("{8BC9CEB8-8B4A-11D0-8D11-00A0C91BC942}") = "7.12.3", "7.12.3\7.12.3.vcxproj", "{13B2564C-E013-4448-9C53-E383A072055D}"
EndProject
Project("{8BC9CEB8-8B4A-11D0-8D11-00A0C91BC942}") = "7.12.4", "7.12.4\7.12.4.vcxproj", "{E5C92370-D848-4A59-A819-F14AC73F64BA}"
EndProject
Project("{8BC9CEB8-8B4A-11D0-8D11-00A0C91BC942}") = "7.12.5", "7.12.5\7.12.5.vcxproj", "{77282A60-FE2A-4CC6-9152-16E67DB19B3E}"
EndProject
Project("{8BC9CEB8-8B4A-11D0-8D11-00A0C91BC942}") = "7.12.6", "7.12.6\7.12.6.vcxproj", "{65897ECE-E34C-4D7B-81B0-E17A3F08B766}"
EndProject
Project("{8BC9CEB8-8B4A-11D0-8D11-00A0C91BC942}") = "7.12.8", "7.12.8\7.12.8.vcxproj", "{35837557-5D68-4591-982B-66715D0D9A0F}"
EndProject
Project("{8BC9CEB8-8B4A-11D0-8D11-00A0C91BC942}") = "7.12.7", "7.12.7\7.12.7.vcxproj", "{133D24DE-657D-4559-83DC-F8B61E739432}"
EndProject
Project("{8BC9CEB8-8B4A-11D0-8D11-00A0C91BC942}") = "7.12.9", "7.12.9\7.12.9.vcxproj", "{026C8CF6-7F40-4B76-99FF-2439C1D52ED3}"
EndProject
Project("{8BC9CEB8-8B4A-11D0-8D11-00A0C91BC942}") = "7.12.10", "7.12.10\7.12.10.vcxproj", "{4E98DC21-7662-4F11-9F38-40A535543124}"
EndProject
Project("{8BC9CEB8-8B4A-11D0-8D11-00A0C91BC942}") = "7.12.11", "7.12.11\7.12.11.vcxproj", "{1102C8D7-F0C3-4579-86A3-7E9291713E9D}"
EndProject
Global
	GlobalSection(SolutionConfigurationPlatforms) = preSolution
		Debug|x64 = Debug|x64
		Debug|x86 = Debug|x86
		Release|x64 = Release|x64
		Release|x86 = Release|x86
	EndGlobalSection
	GlobalSection(ProjectConfigurationPlatforms) = postSolution
		{6FE82A40-E002-4411-9CF2-F1B2FC22F12C}.Debug|x64.ActiveCfg = Debug|x64
		{6FE82A40-E002-4411-9CF2-F1B2FC22F12C}.Debug|x64.Build.0 = Debug|x64
		{6FE82A40-E002-4411-9CF2-F1B2FC22F12C}.Debug|x86.ActiveCfg = Debug|Win32
		{6FE82A40-E002-4411-9CF2-F1B2FC22F12C}.Debug|x86.Build.0 = Debug|Win32
		{6FE82A40-E002-4411-9CF2-F1B2FC22F12C}.Release|x64.ActiveCfg = Release|x64
		{6FE82A40-E002-4411-9CF2-F1B2FC22F12C}.Release|x64.Build.0 = Release|x64
		{6FE82A40-E002-4411-9CF2-F1B2FC22F12C}.Release|x86.ActiveCfg = Release|Win32
		{6FE82A40-E002-4411-9CF2-F1B2FC22F12C}.Release|x86.Build.0 = Release|Win32
		{9E2D7439-0055-45D4-97F4-2BEADDC2EC49}.Debug|x64.ActiveCfg = Debug|x64
		{9E2D7439-0055-45D4-97F4-2BEADDC2EC49}.Debug|x64.Build.0 = Debug|x64
		{9E2D7439-0055-45D4-97F4-2BEADDC2EC49}.Debug|x86.ActiveCfg = Debug|Win32
		{9E2D7439-0055-45D4-97F4-2BEADDC2EC49}.Debug|x86.Build.0 = Debug|Win32
		{9E2D7439-0055-45D4-97F4-2BEADDC2EC49}.Release|x64.ActiveCfg = Release|x64
		{9E2D7439-0055-45D4-97F4-2BEADDC2EC49}.Release|x64.Build.0 = Release|x64
		{9E2D7439-0055-45D4-97F4-2BEADDC2EC49}.Release|x86.ActiveCfg = Release|Win32
		{9E2D7439-0055-45D4-97F4-2BEADDC2EC49}.Release|x86.Build.0 = Release|Win32
		{13B2564C-E013-4448-9C53-E383A072055D}.Debug|x64.ActiveCfg = Debug|x64
		{13B2564C-E013-4448-9C53-E383A072055D}.Debug|x64.Build.0 = Debug|x64
		{13B2564C-E013-4448-9C53-E383A072055D}.Debug|x86.ActiveCfg = Debug|Win32
		{13B2564C-E013-4448-9C53-E383A072055D}.Debug|x86.Build.0 = Debug|Win32
		{13B2564C-E013-4448-9C53-E383A072055D}.Release|x64.ActiveCfg = Release|x64
		{13B2564C-E013-4448-9C53-E383A072055D}.Release|x64.Build.0 = Release|x64
		{13B2564C-E013-4448-9C53-E383A072055D}.Release|x86.ActiveCfg = Release|Win32
		{13B2564C-E013-4448-9C53-E383A072055D}.Release|x86.Build.0 = Release|Win32
		{E5C92370-D848-4A59-A819-F14AC73F64BA}.Debug|x64.ActiveCfg = Debug|x64
		{E5C92370-D848-4A59-A819-F14AC73F64BA}.Debug|x64.Build.0 = Debug|x64
		{E5C92370-D848-4A59-A819-F14AC73F64BA}.Debug|x86.ActiveCfg = Debug|Win32
		{E5C92370-D848-4A59-A819-F14AC73F64BA}.Debug|x86.Build.0 = Debug|Win32
		{E5C92370-D848-4A59-A819-F14AC73F64BA}.Release|x64.ActiveCfg = Release|x64
		{E5C92370-D848-4A59-A819-F14AC73F64BA}.Release|x64.Build.0 = Release|x64
		{E5C92370-D848-4A59-A819-F14AC73F64BA}.Release|x86.ActiveCfg = Release|Win32
		{E5C92370-D848-4A59-A819-F14AC73F64BA}.Release|x86.Build.0 = Release|Win32
		{77282A60-FE2A-4CC6-9152-16E67DB19B3E}.Debug|x64.ActiveCfg = Debug|x64
		{77282A60-FE2A-4CC6-9152-16E67DB19B3E}.Debug|x64.Build.0 = Debug|x64
		{77282A60-FE2A-4CC6-9152-16E67DB19B3E}.Debug|x86.ActiveCfg = Debug|Win32
		{77282A60-FE2A-4CC6-9152-16E67DB19B3E}.Debug|x86.Build.0 = Debug|Win32
		{77282A60-FE2A-4CC6-9152-16E67DB19B3E}.Release|x64.ActiveCfg = Release|x64
		{77282A60-FE2A-4CC6-9152-16E67DB19B3E}.Release|x64.Build.0 = Release|x64
		{77282A60-FE2A-4CC6-9152-16E67DB19B3E}.Release|x86.ActiveCfg = Release|Win32
		{77282A60-FE2A-4CC6-9152-16E67DB19B3E}.Release|x86.Build.0 = Release|Win32
		{65897ECE-E34C-4D7B-81B0-E17A3F08B766}.Debug|x64.ActiveCfg = Debug|x64
		{65897ECE-E34C-4D7B-81B0-E17A3F08B766}.Debug|x64.Build.0 = Debug|x64
		{65897ECE-E34C-4D7B-81B0-E17A3F08B766}.Debug|x86.ActiveCfg = Debug|Win32
		{65897ECE-E34C-4D7B-81B0-E17A3F08B766}.Debug|x86.Build.0 = Debug|Win32
		{65897ECE-E34C-4D7B-81B0-E17A3F08B766}.Release|x64.ActiveCfg = Release|x64
		{65897ECE-E34C-4D7B-81B0-E17A3F08B766}.Release|x64.Build.0 = Release|x64
		{65897ECE-E34C-4D7B-81B0-E17A3F08B766}.Release|x86.ActiveCfg = Release|Win32
		{65897ECE-E34C-4D7B-81B0-E17A3F08B766}.Release|x86.Build.0 = Release|Win32
		{35837557-5D68-4591-982B-66715D0D9A0F}.Debug|x64.ActiveCfg = Debug|x64
		{35837557-5D68-4591-982B-66715D0D9A0F}.Debug|x64.Build.0 = Debug|x64
		{35837557-5D68-4591-982B-66715D0D9A0F}.Debug|x86.ActiveCfg = Debug|Win32
		{35837557-5D68-4591-982B-66715D0D9A0F}.Debug|x86.Build.0 = Debug|Win32
		{35837557-5D68-4591-982B-66715D0D9A0F}.Release|x64.ActiveCfg = Release|x64
		{35837557-5D68-4591-982B-66715D0D9A0F}.Release|x64.Build.0 = Release|x64
		{35837557-5D68-4591-982B-66715D0D9A0F}.Release|x86.ActiveCfg = Release|Win32
		{35837557-5D68-4591-982B-66715D0D9A0F}.Release|x86.Build.0 = Release|Win32
		{133D24DE-657D-4559-83DC-F8B61E739432}.Debug|x64.ActiveCfg = Debug|x64
		{133D24DE-657D-4559-83DC-F8B61E739432}.Debug|x64.Build.0 = Debug|x64
		{133D24DE-657D-4559-83DC-F8B61E739432}.Debug|x86.ActiveCfg = Debug|Win32
		{133D24DE-657D-4559-83DC-F8B61E739432}.Debug|x86.Build.0 = Debug|Win32
		{133D24DE-657D-4559-83DC-F8B61E739432}.Release|x64.ActiveCfg = Release|x64
		{133D24DE-657D-4559-83DC-F8B61E739432}.Release|x64.Build.0 = Release|x64
		{133D24DE-657D-4559-83DC-F8B61E739432}.Release|x86.ActiveCfg = Release|Win32
		{133D24DE-657D-4559-83DC-F8B61E739432}.Release|x86.Build.0 = Release|Win32
		{026C8CF6-7F40-4B76-99FF-2439C1D52ED3}.Debug|x64.ActiveCfg = Debug|x64
		{026C8CF6-7F40-4B76-99FF-2439C1D52ED3}.Debug|x64.Build.0 = Debug|x64
		{026C8CF6-7F40-4B76-99FF-2439C1D52ED3}.Debug|x86.ActiveCfg = Debug|Win32
		{026C8CF6-7F40-4B76-99FF-2439C1D52ED3}.Debug|x86.Build.0 = Debug|Win32
		{026C8CF6-7F40-4B76-99FF-2439C1D52ED3}.Release|x64.ActiveCfg = Release|x64
		{026C8CF6-7F40-4B76-99FF-2439C1D52ED3}.Release|x64.Build.0 = Release|x64
		{026C8CF6-7F40-4B76-99FF-2439C1D52ED3}.Release|x86.ActiveCfg = Release|Win32
		{026C8CF6-7F40-4B76-99FF-2439C1D52ED3}.Release|x86.Build.0 = Release|Win32
		{4E98DC21-7662-4F11-9F38-40A535543124}.Debug|x64.ActiveCfg = Debug|x64
		{4E98DC21-7662-4F11-9F38-40A535543124}.Debug|x64.Build.0 = Debug|x64
		{4E98DC21-7662-4F11-9F38-40A535543124}.Debug|x86.ActiveCfg = Debug|Win32
		{4E98DC21-7662-4F11-9F38-40A535543124}.Debug|x86.Build.0 = Debug|Win32
		{4E98DC21-7662-4F11-9F38-40A535543124}.Release|x64.ActiveCfg = Release|x64
		{4E98DC21-7662-4F11-9F38-40A535543124}.Release|x64.Build.0 = Release|x64
		{4E98DC21-7662-4F11-9F38-40A535543124}.Release|x86.ActiveCfg = Release|Win32
		{4E98DC21-7662-4F11-9F38-40A535543124}.Release|x86.Build.0 = Release|Win32
		{1102C8D7-F0C3-4579-86A3-7E9291713E9D}.Debug|x64.ActiveCfg = Debug|x64
		{1102C8D7-F0C3-4579-86A3-7E9291713E9D}.Debug|x64.Build.0 = Debug|x64
		{1102C8D7-F0C3-4579-86A3-7E9291713E9D}.Debug|x86.ActiveCfg = Debug|Win32
		{1102C8D7-F0C3-4579-86A3-7E9291713E9D}.Debug|x86.Build.0 = Debug|Win32
		{1102C8D7-F0C3-4579-86A3-7E9291713E9D}.Release|x64.ActiveCfg = Release|x64
		{1102C8D7-F0C3-4579-86A3-7E9291713E9D}.Release|x64.Build.0 = Release|x64
		{1102C8D7-F0C3-4579-86A3-7E9291713E9D}.Release|x86.ActiveCfg = Release|Win32
		{1102C8D7-F0C3-4579-86A3-7E9291713E9D}.Release|x86.Build.0 = Release|Win32
	EndGlobalSection
	GlobalSection(SolutionProperties) = preSolution
		HideSolutionNode = FALSE
	EndGlobalSection
EndGlobal
