
Microsoft Visual Studio Solution File, Format Version 12.00
# Visual Studio 14
VisualStudioVersion = 14.0.25420.1
MinimumVisualStudioVersion = 10.0.40219.1
Project("{8BC9CEB8-8B4A-11D0-8D11-00A0C91BC942}") = "6.1 summing.c", "6.1 summing.c\6.1 summing.c.vcxproj", "{C520F7CA-AC74-4162-93F9-5A7E18300D68}"
EndProject
Project("{8BC9CEB8-8B4A-11D0-8D11-00A0C91BC942}") = "6.2 when.c", "6.2 when.c\6.2 when.c.vcxproj", "{26986AD6-E865-4E04-9134-7C1A5E7F3CE1}"
EndProject
Project("{8BC9CEB8-8B4A-11D0-8D11-00A0C91BC942}") = "6.3 while1.c", "6.3 while1.c\6.3 while1.c.vcxproj", "{CA5FAD28-CC68-4FB9-8C0D-EE1D89B131FB}"
EndProject
Project("{8BC9CEB8-8B4A-11D0-8D11-00A0C91BC942}") = "6.4 while2.c", "6.4 while2.c\6.4 while2.c.vcxproj", "{4385A0BD-E630-4B86-BE70-D81C89739E99}"
EndProject
Project("{8BC9CEB8-8B4A-11D0-8D11-00A0C91BC942}") = "6.5 cmpflt.c", "6.5 cmpflt.c\6.5 cmpflt.c.vcxproj", "{1A639F2B-1AF4-4573-BB5C-996DD6EAB24D}"
EndProject
Project("{8BC9CEB8-8B4A-11D0-8D11-00A0C91BC942}") = "6.6 t_and_f.c", "6.6 t_and_f.c\6.6 t_and_f.c.vcxproj", "{CCE50EE9-5B20-47D9-95D7-0D8E4675EC8B}"
EndProject
Project("{8BC9CEB8-8B4A-11D0-8D11-00A0C91BC942}") = "6.7 truth.c", "6.7 truth.c\6.7 truth.c.vcxproj", "{24172682-6A45-4507-839E-8880C12CF7B0}"
EndProject
Project("{8BC9CEB8-8B4A-11D0-8D11-00A0C91BC942}") = "6.8 trouble.c", "6.8 trouble.c\6.8 trouble.c.vcxproj", "{74EB4EB2-7792-4081-B52C-352F347A2D41}"
EndProject
Project("{8BC9CEB8-8B4A-11D0-8D11-00A0C91BC942}") = "6.9 boolean.c", "6.9 boolean.c\6.9 boolean.c.vcxproj", "{DDA4F4F0-C949-46CC-AD56-934B53EC51FC}"
EndProject
Project("{8BC9CEB8-8B4A-11D0-8D11-00A0C91BC942}") = "6.10 sweetie1.c", "6.10 sweetie1.c\6.10 sweetie1.c.vcxproj", "{5C70C852-24B4-4B25-BC04-FAB912AEB6D9}"
EndProject
Project("{8BC9CEB8-8B4A-11D0-8D11-00A0C91BC942}") = "6.11 sweetie2.c", "6.11 sweetie2.c\6.11 sweetie2.c.vcxproj", "{DAFED70B-2317-4E39-99A8-CAADA6F63B8F}"
EndProject
Project("{8BC9CEB8-8B4A-11D0-8D11-00A0C91BC942}") = "6.12 for_cube.c", "6.12 for_cube.c\6.12 for_cube.c.vcxproj", "{DC4C0C71-5430-498B-913C-8429880AC80C}"
EndProject
Project("{8BC9CEB8-8B4A-11D0-8D11-00A0C91BC942}") = "for_done.c", "for_done.c\for_done.c.vcxproj", "{D80A7BAF-47E2-44BF-BD64-CB2D76AB0C1F}"
EndProject
Project("{8BC9CEB8-8B4A-11D0-8D11-00A0C91BC942}") = "for_13s.c", "for_13s.c\for_13s.c.vcxproj", "{5195AD8D-00D2-44A9-BFFF-9A76A12EC566}"
EndProject
Project("{8BC9CEB8-8B4A-11D0-8D11-00A0C91BC942}") = "for_char.c", "for_char.c\for_char.c.vcxproj", "{EFC3AC7C-5AD4-44B1-88DC-F3EB85BB1B10}"
EndProject
Project("{8BC9CEB8-8B4A-11D0-8D11-00A0C91BC942}") = "for_geo.c", "for_geo.c\for_geo.c.vcxproj", "{9FB3B141-AAA9-4B94-B987-AADB4ED824F9}"
EndProject
Project("{8BC9CEB8-8B4A-11D0-8D11-00A0C91BC942}") = "for_wild.c", "for_wild.c\for_wild.c.vcxproj", "{F8FA6E84-99F6-4BB2-AFA1-19900CFA72D6}"
EndProject
Project("{8BC9CEB8-8B4A-11D0-8D11-00A0C91BC942}") = "for_none.c", "for_none.c\for_none.c.vcxproj", "{B161E3C2-2856-43D7-A724-78C79622976A}"
EndProject
Project("{8BC9CEB8-8B4A-11D0-8D11-00A0C91BC942}") = "for_show.c", "for_show.c\for_show.c.vcxproj", "{2C2C71A2-0A9D-49E0-9A0D-225CDBA26454}"
EndProject
Project("{8BC9CEB8-8B4A-11D0-8D11-00A0C91BC942}") = "6.13 postage.c", "6.13 postage.c\6.13 postage.c.vcxproj", "{11FD77CD-7F9A-478E-B58A-342DF213B1EC}"
EndProject
Project("{8BC9CEB8-8B4A-11D0-8D11-00A0C91BC942}") = "6.14 zeno.c", "6.14 zeno.c\6.14 zeno.c.vcxproj", "{BA777CC3-AD51-457F-8F21-7B721276BECE}"
EndProject
Project("{8BC9CEB8-8B4A-11D0-8D11-00A0C91BC942}") = "6.15 do_while.c", "6.15 do_while.c\6.15 do_while.c.vcxproj", "{FC18BAEA-5DAC-4322-84D3-9B43BE6C7DAF}"
EndProject
Project("{8BC9CEB8-8B4A-11D0-8D11-00A0C91BC942}") = "6.16 entry.c", "6.16 entry.c\6.16 entry.c.vcxproj", "{14963752-00B7-4ED9-B99D-7E0A1F537288}"
EndProject
Project("{8BC9CEB8-8B4A-11D0-8D11-00A0C91BC942}") = "6.17 rows1.c", "6.17 rows1.c\6.17 rows1.c.vcxproj", "{26C8C5A5-6605-4717-ACF5-15A60F428254}"
EndProject
Project("{8BC9CEB8-8B4A-11D0-8D11-00A0C91BC942}") = "6.18 rows2.c", "6.18 rows2.c\6.18 rows2.c.vcxproj", "{17A36F3B-CBBE-460E-9AAA-F3A2F5EE2824}"
EndProject
Project("{8BC9CEB8-8B4A-11D0-8D11-00A0C91BC942}") = "6.19 scores_in.c", "6.19 scores_in.c\6.19 scores_in.c.vcxproj", "{76BFB288-2E9E-41CD-A3C6-1266491E4C55}"
EndProject
Project("{8BC9CEB8-8B4A-11D0-8D11-00A0C91BC942}") = "6.20 power.c", "6.20 power.c\6.20 power.c.vcxproj", "{FC2A35B1-7B33-4052-8D4E-4DD7F74B71BB}"
EndProject
Global
	GlobalSection(SolutionConfigurationPlatforms) = preSolution
		Debug|x64 = Debug|x64
		Debug|x86 = Debug|x86
		Release|x64 = Release|x64
		Release|x86 = Release|x86
	EndGlobalSection
	GlobalSection(ProjectConfigurationPlatforms) = postSolution
		{C520F7CA-AC74-4162-93F9-5A7E18300D68}.Debug|x64.ActiveCfg = Debug|x64
		{C520F7CA-AC74-4162-93F9-5A7E18300D68}.Debug|x64.Build.0 = Debug|x64
		{C520F7CA-AC74-4162-93F9-5A7E18300D68}.Debug|x86.ActiveCfg = Debug|Win32
		{C520F7CA-AC74-4162-93F9-5A7E18300D68}.Debug|x86.Build.0 = Debug|Win32
		{C520F7CA-AC74-4162-93F9-5A7E18300D68}.Release|x64.ActiveCfg = Release|x64
		{C520F7CA-AC74-4162-93F9-5A7E18300D68}.Release|x64.Build.0 = Release|x64
		{C520F7CA-AC74-4162-93F9-5A7E18300D68}.Release|x86.ActiveCfg = Release|Win32
		{C520F7CA-AC74-4162-93F9-5A7E18300D68}.Release|x86.Build.0 = Release|Win32
		{26986AD6-E865-4E04-9134-7C1A5E7F3CE1}.Debug|x64.ActiveCfg = Debug|x64
		{26986AD6-E865-4E04-9134-7C1A5E7F3CE1}.Debug|x64.Build.0 = Debug|x64
		{26986AD6-E865-4E04-9134-7C1A5E7F3CE1}.Debug|x86.ActiveCfg = Debug|Win32
		{26986AD6-E865-4E04-9134-7C1A5E7F3CE1}.Debug|x86.Build.0 = Debug|Win32
		{26986AD6-E865-4E04-9134-7C1A5E7F3CE1}.Release|x64.ActiveCfg = Release|x64
		{26986AD6-E865-4E04-9134-7C1A5E7F3CE1}.Release|x64.Build.0 = Release|x64
		{26986AD6-E865-4E04-9134-7C1A5E7F3CE1}.Release|x86.ActiveCfg = Release|Win32
		{26986AD6-E865-4E04-9134-7C1A5E7F3CE1}.Release|x86.Build.0 = Release|Win32
		{CA5FAD28-CC68-4FB9-8C0D-EE1D89B131FB}.Debug|x64.ActiveCfg = Debug|x64
		{CA5FAD28-CC68-4FB9-8C0D-EE1D89B131FB}.Debug|x64.Build.0 = Debug|x64
		{CA5FAD28-CC68-4FB9-8C0D-EE1D89B131FB}.Debug|x86.ActiveCfg = Debug|Win32
		{CA5FAD28-CC68-4FB9-8C0D-EE1D89B131FB}.Debug|x86.Build.0 = Debug|Win32
		{CA5FAD28-CC68-4FB9-8C0D-EE1D89B131FB}.Release|x64.ActiveCfg = Release|x64
		{CA5FAD28-CC68-4FB9-8C0D-EE1D89B131FB}.Release|x64.Build.0 = Release|x64
		{CA5FAD28-CC68-4FB9-8C0D-EE1D89B131FB}.Release|x86.ActiveCfg = Release|Win32
		{CA5FAD28-CC68-4FB9-8C0D-EE1D89B131FB}.Release|x86.Build.0 = Release|Win32
		{4385A0BD-E630-4B86-BE70-D81C89739E99}.Debug|x64.ActiveCfg = Debug|x64
		{4385A0BD-E630-4B86-BE70-D81C89739E99}.Debug|x64.Build.0 = Debug|x64
		{4385A0BD-E630-4B86-BE70-D81C89739E99}.Debug|x86.ActiveCfg = Debug|Win32
		{4385A0BD-E630-4B86-BE70-D81C89739E99}.Debug|x86.Build.0 = Debug|Win32
		{4385A0BD-E630-4B86-BE70-D81C89739E99}.Release|x64.ActiveCfg = Release|x64
		{4385A0BD-E630-4B86-BE70-D81C89739E99}.Release|x64.Build.0 = Release|x64
		{4385A0BD-E630-4B86-BE70-D81C89739E99}.Release|x86.ActiveCfg = Release|Win32
		{4385A0BD-E630-4B86-BE70-D81C89739E99}.Release|x86.Build.0 = Release|Win32
		{1A639F2B-1AF4-4573-BB5C-996DD6EAB24D}.Debug|x64.ActiveCfg = Debug|x64
		{1A639F2B-1AF4-4573-BB5C-996DD6EAB24D}.Debug|x64.Build.0 = Debug|x64
		{1A639F2B-1AF4-4573-BB5C-996DD6EAB24D}.Debug|x86.ActiveCfg = Debug|Win32
		{1A639F2B-1AF4-4573-BB5C-996DD6EAB24D}.Debug|x86.Build.0 = Debug|Win32
		{1A639F2B-1AF4-4573-BB5C-996DD6EAB24D}.Release|x64.ActiveCfg = Release|x64
		{1A639F2B-1AF4-4573-BB5C-996DD6EAB24D}.Release|x64.Build.0 = Release|x64
		{1A639F2B-1AF4-4573-BB5C-996DD6EAB24D}.Release|x86.ActiveCfg = Release|Win32
		{1A639F2B-1AF4-4573-BB5C-996DD6EAB24D}.Release|x86.Build.0 = Release|Win32
		{CCE50EE9-5B20-47D9-95D7-0D8E4675EC8B}.Debug|x64.ActiveCfg = Debug|x64
		{CCE50EE9-5B20-47D9-95D7-0D8E4675EC8B}.Debug|x64.Build.0 = Debug|x64
		{CCE50EE9-5B20-47D9-95D7-0D8E4675EC8B}.Debug|x86.ActiveCfg = Debug|Win32
		{CCE50EE9-5B20-47D9-95D7-0D8E4675EC8B}.Debug|x86.Build.0 = Debug|Win32
		{CCE50EE9-5B20-47D9-95D7-0D8E4675EC8B}.Release|x64.ActiveCfg = Release|x64
		{CCE50EE9-5B20-47D9-95D7-0D8E4675EC8B}.Release|x64.Build.0 = Release|x64
		{CCE50EE9-5B20-47D9-95D7-0D8E4675EC8B}.Release|x86.ActiveCfg = Release|Win32
		{CCE50EE9-5B20-47D9-95D7-0D8E4675EC8B}.Release|x86.Build.0 = Release|Win32
		{24172682-6A45-4507-839E-8880C12CF7B0}.Debug|x64.ActiveCfg = Debug|x64
		{24172682-6A45-4507-839E-8880C12CF7B0}.Debug|x64.Build.0 = Debug|x64
		{24172682-6A45-4507-839E-8880C12CF7B0}.Debug|x86.ActiveCfg = Debug|Win32
		{24172682-6A45-4507-839E-8880C12CF7B0}.Debug|x86.Build.0 = Debug|Win32
		{24172682-6A45-4507-839E-8880C12CF7B0}.Release|x64.ActiveCfg = Release|x64
		{24172682-6A45-4507-839E-8880C12CF7B0}.Release|x64.Build.0 = Release|x64
		{24172682-6A45-4507-839E-8880C12CF7B0}.Release|x86.ActiveCfg = Release|Win32
		{24172682-6A45-4507-839E-8880C12CF7B0}.Release|x86.Build.0 = Release|Win32
		{74EB4EB2-7792-4081-B52C-352F347A2D41}.Debug|x64.ActiveCfg = Debug|x64
		{74EB4EB2-7792-4081-B52C-352F347A2D41}.Debug|x64.Build.0 = Debug|x64
		{74EB4EB2-7792-4081-B52C-352F347A2D41}.Debug|x86.ActiveCfg = Debug|Win32
		{74EB4EB2-7792-4081-B52C-352F347A2D41}.Debug|x86.Build.0 = Debug|Win32
		{74EB4EB2-7792-4081-B52C-352F347A2D41}.Release|x64.ActiveCfg = Release|x64
		{74EB4EB2-7792-4081-B52C-352F347A2D41}.Release|x64.Build.0 = Release|x64
		{74EB4EB2-7792-4081-B52C-352F347A2D41}.Release|x86.ActiveCfg = Release|Win32
		{74EB4EB2-7792-4081-B52C-352F347A2D41}.Release|x86.Build.0 = Release|Win32
		{DDA4F4F0-C949-46CC-AD56-934B53EC51FC}.Debug|x64.ActiveCfg = Debug|x64
		{DDA4F4F0-C949-46CC-AD56-934B53EC51FC}.Debug|x64.Build.0 = Debug|x64
		{DDA4F4F0-C949-46CC-AD56-934B53EC51FC}.Debug|x86.ActiveCfg = Debug|Win32
		{DDA4F4F0-C949-46CC-AD56-934B53EC51FC}.Debug|x86.Build.0 = Debug|Win32
		{DDA4F4F0-C949-46CC-AD56-934B53EC51FC}.Release|x64.ActiveCfg = Release|x64
		{DDA4F4F0-C949-46CC-AD56-934B53EC51FC}.Release|x64.Build.0 = Release|x64
		{DDA4F4F0-C949-46CC-AD56-934B53EC51FC}.Release|x86.ActiveCfg = Release|Win32
		{DDA4F4F0-C949-46CC-AD56-934B53EC51FC}.Release|x86.Build.0 = Release|Win32
		{5C70C852-24B4-4B25-BC04-FAB912AEB6D9}.Debug|x64.ActiveCfg = Debug|x64
		{5C70C852-24B4-4B25-BC04-FAB912AEB6D9}.Debug|x64.Build.0 = Debug|x64
		{5C70C852-24B4-4B25-BC04-FAB912AEB6D9}.Debug|x86.ActiveCfg = Debug|Win32
		{5C70C852-24B4-4B25-BC04-FAB912AEB6D9}.Debug|x86.Build.0 = Debug|Win32
		{5C70C852-24B4-4B25-BC04-FAB912AEB6D9}.Release|x64.ActiveCfg = Release|x64
		{5C70C852-24B4-4B25-BC04-FAB912AEB6D9}.Release|x64.Build.0 = Release|x64
		{5C70C852-24B4-4B25-BC04-FAB912AEB6D9}.Release|x86.ActiveCfg = Release|Win32
		{5C70C852-24B4-4B25-BC04-FAB912AEB6D9}.Release|x86.Build.0 = Release|Win32
		{DAFED70B-2317-4E39-99A8-CAADA6F63B8F}.Debug|x64.ActiveCfg = Debug|x64
		{DAFED70B-2317-4E39-99A8-CAADA6F63B8F}.Debug|x64.Build.0 = Debug|x64
		{DAFED70B-2317-4E39-99A8-CAADA6F63B8F}.Debug|x86.ActiveCfg = Debug|Win32
		{DAFED70B-2317-4E39-99A8-CAADA6F63B8F}.Debug|x86.Build.0 = Debug|Win32
		{DAFED70B-2317-4E39-99A8-CAADA6F63B8F}.Release|x64.ActiveCfg = Release|x64
		{DAFED70B-2317-4E39-99A8-CAADA6F63B8F}.Release|x64.Build.0 = Release|x64
		{DAFED70B-2317-4E39-99A8-CAADA6F63B8F}.Release|x86.ActiveCfg = Release|Win32
		{DAFED70B-2317-4E39-99A8-CAADA6F63B8F}.Release|x86.Build.0 = Release|Win32
		{DC4C0C71-5430-498B-913C-8429880AC80C}.Debug|x64.ActiveCfg = Debug|x64
		{DC4C0C71-5430-498B-913C-8429880AC80C}.Debug|x64.Build.0 = Debug|x64
		{DC4C0C71-5430-498B-913C-8429880AC80C}.Debug|x86.ActiveCfg = Debug|Win32
		{DC4C0C71-5430-498B-913C-8429880AC80C}.Debug|x86.Build.0 = Debug|Win32
		{DC4C0C71-5430-498B-913C-8429880AC80C}.Release|x64.ActiveCfg = Release|x64
		{DC4C0C71-5430-498B-913C-8429880AC80C}.Release|x64.Build.0 = Release|x64
		{DC4C0C71-5430-498B-913C-8429880AC80C}.Release|x86.ActiveCfg = Release|Win32
		{DC4C0C71-5430-498B-913C-8429880AC80C}.Release|x86.Build.0 = Release|Win32
		{D80A7BAF-47E2-44BF-BD64-CB2D76AB0C1F}.Debug|x64.ActiveCfg = Debug|x64
		{D80A7BAF-47E2-44BF-BD64-CB2D76AB0C1F}.Debug|x64.Build.0 = Debug|x64
		{D80A7BAF-47E2-44BF-BD64-CB2D76AB0C1F}.Debug|x86.ActiveCfg = Debug|Win32
		{D80A7BAF-47E2-44BF-BD64-CB2D76AB0C1F}.Debug|x86.Build.0 = Debug|Win32
		{D80A7BAF-47E2-44BF-BD64-CB2D76AB0C1F}.Release|x64.ActiveCfg = Release|x64
		{D80A7BAF-47E2-44BF-BD64-CB2D76AB0C1F}.Release|x64.Build.0 = Release|x64
		{D80A7BAF-47E2-44BF-BD64-CB2D76AB0C1F}.Release|x86.ActiveCfg = Release|Win32
		{D80A7BAF-47E2-44BF-BD64-CB2D76AB0C1F}.Release|x86.Build.0 = Release|Win32
		{5195AD8D-00D2-44A9-BFFF-9A76A12EC566}.Debug|x64.ActiveCfg = Debug|x64
		{5195AD8D-00D2-44A9-BFFF-9A76A12EC566}.Debug|x64.Build.0 = Debug|x64
		{5195AD8D-00D2-44A9-BFFF-9A76A12EC566}.Debug|x86.ActiveCfg = Debug|Win32
		{5195AD8D-00D2-44A9-BFFF-9A76A12EC566}.Debug|x86.Build.0 = Debug|Win32
		{5195AD8D-00D2-44A9-BFFF-9A76A12EC566}.Release|x64.ActiveCfg = Release|x64
		{5195AD8D-00D2-44A9-BFFF-9A76A12EC566}.Release|x64.Build.0 = Release|x64
		{5195AD8D-00D2-44A9-BFFF-9A76A12EC566}.Release|x86.ActiveCfg = Release|Win32
		{5195AD8D-00D2-44A9-BFFF-9A76A12EC566}.Release|x86.Build.0 = Release|Win32
		{EFC3AC7C-5AD4-44B1-88DC-F3EB85BB1B10}.Debug|x64.ActiveCfg = Debug|x64
		{EFC3AC7C-5AD4-44B1-88DC-F3EB85BB1B10}.Debug|x64.Build.0 = Debug|x64
		{EFC3AC7C-5AD4-44B1-88DC-F3EB85BB1B10}.Debug|x86.ActiveCfg = Debug|Win32
		{EFC3AC7C-5AD4-44B1-88DC-F3EB85BB1B10}.Debug|x86.Build.0 = Debug|Win32
		{EFC3AC7C-5AD4-44B1-88DC-F3EB85BB1B10}.Release|x64.ActiveCfg = Release|x64
		{EFC3AC7C-5AD4-44B1-88DC-F3EB85BB1B10}.Release|x64.Build.0 = Release|x64
		{EFC3AC7C-5AD4-44B1-88DC-F3EB85BB1B10}.Release|x86.ActiveCfg = Release|Win32
		{EFC3AC7C-5AD4-44B1-88DC-F3EB85BB1B10}.Release|x86.Build.0 = Release|Win32
		{9FB3B141-AAA9-4B94-B987-AADB4ED824F9}.Debug|x64.ActiveCfg = Debug|x64
		{9FB3B141-AAA9-4B94-B987-AADB4ED824F9}.Debug|x64.Build.0 = Debug|x64
		{9FB3B141-AAA9-4B94-B987-AADB4ED824F9}.Debug|x86.ActiveCfg = Debug|Win32
		{9FB3B141-AAA9-4B94-B987-AADB4ED824F9}.Debug|x86.Build.0 = Debug|Win32
		{9FB3B141-AAA9-4B94-B987-AADB4ED824F9}.Release|x64.ActiveCfg = Release|x64
		{9FB3B141-AAA9-4B94-B987-AADB4ED824F9}.Release|x64.Build.0 = Release|x64
		{9FB3B141-AAA9-4B94-B987-AADB4ED824F9}.Release|x86.ActiveCfg = Release|Win32
		{9FB3B141-AAA9-4B94-B987-AADB4ED824F9}.Release|x86.Build.0 = Release|Win32
		{F8FA6E84-99F6-4BB2-AFA1-19900CFA72D6}.Debug|x64.ActiveCfg = Debug|x64
		{F8FA6E84-99F6-4BB2-AFA1-19900CFA72D6}.Debug|x64.Build.0 = Debug|x64
		{F8FA6E84-99F6-4BB2-AFA1-19900CFA72D6}.Debug|x86.ActiveCfg = Debug|Win32
		{F8FA6E84-99F6-4BB2-AFA1-19900CFA72D6}.Debug|x86.Build.0 = Debug|Win32
		{F8FA6E84-99F6-4BB2-AFA1-19900CFA72D6}.Release|x64.ActiveCfg = Release|x64
		{F8FA6E84-99F6-4BB2-AFA1-19900CFA72D6}.Release|x64.Build.0 = Release|x64
		{F8FA6E84-99F6-4BB2-AFA1-19900CFA72D6}.Release|x86.ActiveCfg = Release|Win32
		{F8FA6E84-99F6-4BB2-AFA1-19900CFA72D6}.Release|x86.Build.0 = Release|Win32
		{B161E3C2-2856-43D7-A724-78C79622976A}.Debug|x64.ActiveCfg = Debug|x64
		{B161E3C2-2856-43D7-A724-78C79622976A}.Debug|x64.Build.0 = Debug|x64
		{B161E3C2-2856-43D7-A724-78C79622976A}.Debug|x86.ActiveCfg = Debug|Win32
		{B161E3C2-2856-43D7-A724-78C79622976A}.Debug|x86.Build.0 = Debug|Win32
		{B161E3C2-2856-43D7-A724-78C79622976A}.Release|x64.ActiveCfg = Release|x64
		{B161E3C2-2856-43D7-A724-78C79622976A}.Release|x64.Build.0 = Release|x64
		{B161E3C2-2856-43D7-A724-78C79622976A}.Release|x86.ActiveCfg = Release|Win32
		{B161E3C2-2856-43D7-A724-78C79622976A}.Release|x86.Build.0 = Release|Win32
		{2C2C71A2-0A9D-49E0-9A0D-225CDBA26454}.Debug|x64.ActiveCfg = Debug|x64
		{2C2C71A2-0A9D-49E0-9A0D-225CDBA26454}.Debug|x64.Build.0 = Debug|x64
		{2C2C71A2-0A9D-49E0-9A0D-225CDBA26454}.Debug|x86.ActiveCfg = Debug|Win32
		{2C2C71A2-0A9D-49E0-9A0D-225CDBA26454}.Debug|x86.Build.0 = Debug|Win32
		{2C2C71A2-0A9D-49E0-9A0D-225CDBA26454}.Release|x64.ActiveCfg = Release|x64
		{2C2C71A2-0A9D-49E0-9A0D-225CDBA26454}.Release|x64.Build.0 = Release|x64
		{2C2C71A2-0A9D-49E0-9A0D-225CDBA26454}.Release|x86.ActiveCfg = Release|Win32
		{2C2C71A2-0A9D-49E0-9A0D-225CDBA26454}.Release|x86.Build.0 = Release|Win32
		{11FD77CD-7F9A-478E-B58A-342DF213B1EC}.Debug|x64.ActiveCfg = Debug|x64
		{11FD77CD-7F9A-478E-B58A-342DF213B1EC}.Debug|x64.Build.0 = Debug|x64
		{11FD77CD-7F9A-478E-B58A-342DF213B1EC}.Debug|x86.ActiveCfg = Debug|Win32
		{11FD77CD-7F9A-478E-B58A-342DF213B1EC}.Debug|x86.Build.0 = Debug|Win32
		{11FD77CD-7F9A-478E-B58A-342DF213B1EC}.Release|x64.ActiveCfg = Release|x64
		{11FD77CD-7F9A-478E-B58A-342DF213B1EC}.Release|x64.Build.0 = Release|x64
		{11FD77CD-7F9A-478E-B58A-342DF213B1EC}.Release|x86.ActiveCfg = Release|Win32
		{11FD77CD-7F9A-478E-B58A-342DF213B1EC}.Release|x86.Build.0 = Release|Win32
		{BA777CC3-AD51-457F-8F21-7B721276BECE}.Debug|x64.ActiveCfg = Debug|x64
		{BA777CC3-AD51-457F-8F21-7B721276BECE}.Debug|x64.Build.0 = Debug|x64
		{BA777CC3-AD51-457F-8F21-7B721276BECE}.Debug|x86.ActiveCfg = Debug|Win32
		{BA777CC3-AD51-457F-8F21-7B721276BECE}.Debug|x86.Build.0 = Debug|Win32
		{BA777CC3-AD51-457F-8F21-7B721276BECE}.Release|x64.ActiveCfg = Release|x64
		{BA777CC3-AD51-457F-8F21-7B721276BECE}.Release|x64.Build.0 = Release|x64
		{BA777CC3-AD51-457F-8F21-7B721276BECE}.Release|x86.ActiveCfg = Release|Win32
		{BA777CC3-AD51-457F-8F21-7B721276BECE}.Release|x86.Build.0 = Release|Win32
		{FC18BAEA-5DAC-4322-84D3-9B43BE6C7DAF}.Debug|x64.ActiveCfg = Debug|x64
		{FC18BAEA-5DAC-4322-84D3-9B43BE6C7DAF}.Debug|x64.Build.0 = Debug|x64
		{FC18BAEA-5DAC-4322-84D3-9B43BE6C7DAF}.Debug|x86.ActiveCfg = Debug|Win32
		{FC18BAEA-5DAC-4322-84D3-9B43BE6C7DAF}.Debug|x86.Build.0 = Debug|Win32
		{FC18BAEA-5DAC-4322-84D3-9B43BE6C7DAF}.Release|x64.ActiveCfg = Release|x64
		{FC18BAEA-5DAC-4322-84D3-9B43BE6C7DAF}.Release|x64.Build.0 = Release|x64
		{FC18BAEA-5DAC-4322-84D3-9B43BE6C7DAF}.Release|x86.ActiveCfg = Release|Win32
		{FC18BAEA-5DAC-4322-84D3-9B43BE6C7DAF}.Release|x86.Build.0 = Release|Win32
		{14963752-00B7-4ED9-B99D-7E0A1F537288}.Debug|x64.ActiveCfg = Debug|x64
		{14963752-00B7-4ED9-B99D-7E0A1F537288}.Debug|x64.Build.0 = Debug|x64
		{14963752-00B7-4ED9-B99D-7E0A1F537288}.Debug|x86.ActiveCfg = Debug|Win32
		{14963752-00B7-4ED9-B99D-7E0A1F537288}.Debug|x86.Build.0 = Debug|Win32
		{14963752-00B7-4ED9-B99D-7E0A1F537288}.Release|x64.ActiveCfg = Release|x64
		{14963752-00B7-4ED9-B99D-7E0A1F537288}.Release|x64.Build.0 = Release|x64
		{14963752-00B7-4ED9-B99D-7E0A1F537288}.Release|x86.ActiveCfg = Release|Win32
		{14963752-00B7-4ED9-B99D-7E0A1F537288}.Release|x86.Build.0 = Release|Win32
		{26C8C5A5-6605-4717-ACF5-15A60F428254}.Debug|x64.ActiveCfg = Debug|x64
		{26C8C5A5-6605-4717-ACF5-15A60F428254}.Debug|x64.Build.0 = Debug|x64
		{26C8C5A5-6605-4717-ACF5-15A60F428254}.Debug|x86.ActiveCfg = Debug|Win32
		{26C8C5A5-6605-4717-ACF5-15A60F428254}.Debug|x86.Build.0 = Debug|Win32
		{26C8C5A5-6605-4717-ACF5-15A60F428254}.Release|x64.ActiveCfg = Release|x64
		{26C8C5A5-6605-4717-ACF5-15A60F428254}.Release|x64.Build.0 = Release|x64
		{26C8C5A5-6605-4717-ACF5-15A60F428254}.Release|x86.ActiveCfg = Release|Win32
		{26C8C5A5-6605-4717-ACF5-15A60F428254}.Release|x86.Build.0 = Release|Win32
		{17A36F3B-CBBE-460E-9AAA-F3A2F5EE2824}.Debug|x64.ActiveCfg = Debug|x64
		{17A36F3B-CBBE-460E-9AAA-F3A2F5EE2824}.Debug|x64.Build.0 = Debug|x64
		{17A36F3B-CBBE-460E-9AAA-F3A2F5EE2824}.Debug|x86.ActiveCfg = Debug|Win32
		{17A36F3B-CBBE-460E-9AAA-F3A2F5EE2824}.Debug|x86.Build.0 = Debug|Win32
		{17A36F3B-CBBE-460E-9AAA-F3A2F5EE2824}.Release|x64.ActiveCfg = Release|x64
		{17A36F3B-CBBE-460E-9AAA-F3A2F5EE2824}.Release|x64.Build.0 = Release|x64
		{17A36F3B-CBBE-460E-9AAA-F3A2F5EE2824}.Release|x86.ActiveCfg = Release|Win32
		{17A36F3B-CBBE-460E-9AAA-F3A2F5EE2824}.Release|x86.Build.0 = Release|Win32
		{76BFB288-2E9E-41CD-A3C6-1266491E4C55}.Debug|x64.ActiveCfg = Debug|x64
		{76BFB288-2E9E-41CD-A3C6-1266491E4C55}.Debug|x64.Build.0 = Debug|x64
		{76BFB288-2E9E-41CD-A3C6-1266491E4C55}.Debug|x86.ActiveCfg = Debug|Win32
		{76BFB288-2E9E-41CD-A3C6-1266491E4C55}.Debug|x86.Build.0 = Debug|Win32
		{76BFB288-2E9E-41CD-A3C6-1266491E4C55}.Release|x64.ActiveCfg = Release|x64
		{76BFB288-2E9E-41CD-A3C6-1266491E4C55}.Release|x64.Build.0 = Release|x64
		{76BFB288-2E9E-41CD-A3C6-1266491E4C55}.Release|x86.ActiveCfg = Release|Win32
		{76BFB288-2E9E-41CD-A3C6-1266491E4C55}.Release|x86.Build.0 = Release|Win32
		{FC2A35B1-7B33-4052-8D4E-4DD7F74B71BB}.Debug|x64.ActiveCfg = Debug|x64
		{FC2A35B1-7B33-4052-8D4E-4DD7F74B71BB}.Debug|x64.Build.0 = Debug|x64
		{FC2A35B1-7B33-4052-8D4E-4DD7F74B71BB}.Debug|x86.ActiveCfg = Debug|Win32
		{FC2A35B1-7B33-4052-8D4E-4DD7F74B71BB}.Debug|x86.Build.0 = Debug|Win32
		{FC2A35B1-7B33-4052-8D4E-4DD7F74B71BB}.Release|x64.ActiveCfg = Release|x64
		{FC2A35B1-7B33-4052-8D4E-4DD7F74B71BB}.Release|x64.Build.0 = Release|x64
		{FC2A35B1-7B33-4052-8D4E-4DD7F74B71BB}.Release|x86.ActiveCfg = Release|Win32
		{FC2A35B1-7B33-4052-8D4E-4DD7F74B71BB}.Release|x86.Build.0 = Release|Win32
	EndGlobalSection
	GlobalSection(SolutionProperties) = preSolution
		HideSolutionNode = FALSE
	EndGlobalSection
EndGlobal
