
Microsoft Visual Studio Solution File, Format Version 12.00
# Visual Studio 14
VisualStudioVersion = 14.0.25420.1
MinimumVisualStudioVersion = 10.0.40219.1
Project("{8BC9CEB8-8B4A-11D0-8D11-00A0C91BC942}") = "4.8.1", "4.8.1\4.8.1.vcxproj", "{53DCA38A-B2D4-47CF-ADDA-C1E8EDDED5BF}"
EndProject
Project("{8BC9CEB8-8B4A-11D0-8D11-00A0C91BC942}") = "4.8.2", "4.8.2\4.8.2.vcxproj", "{390C5143-5610-4D73-8C0F-04706AE10D0F}"
EndProject
Project("{8BC9CEB8-8B4A-11D0-8D11-00A0C91BC942}") = "4.8.3", "4.8.3\4.8.3.vcxproj", "{B5E4086E-7F97-405F-8EA6-6300FF8D18B8}"
EndProject
Project("{8BC9CEB8-8B4A-11D0-8D11-00A0C91BC942}") = "4.8.4", "4.8.4\4.8.4.vcxproj", "{452DBF4C-AAE4-4310-8051-3ABA7E04C293}"
EndProject
Project("{8BC9CEB8-8B4A-11D0-8D11-00A0C91BC942}") = "4.8.5", "4.8.5\4.8.5.vcxproj", "{502C8BB1-523B-4063-B541-CDD10E6AB0A1}"
EndProject
Project("{8BC9CEB8-8B4A-11D0-8D11-00A0C91BC942}") = "4.8.6", "4.8.6\4.8.6.vcxproj", "{955CF39B-18D4-49C7-A586-B3CE9331E2A8}"
EndProject
Project("{8BC9CEB8-8B4A-11D0-8D11-00A0C91BC942}") = "4.8.7", "4.8.7\4.8.7.vcxproj", "{F41E179C-3D38-4097-BC41-D67F972AEF94}"
EndProject
Project("{8BC9CEB8-8B4A-11D0-8D11-00A0C91BC942}") = "4.8.8", "4.8.8\4.8.8.vcxproj", "{F58E64A2-190A-4E3F-8D6F-F7239C8DD5F9}"
EndProject
Global
	GlobalSection(SolutionConfigurationPlatforms) = preSolution
		Debug|x64 = Debug|x64
		Debug|x86 = Debug|x86
		Release|x64 = Release|x64
		Release|x86 = Release|x86
	EndGlobalSection
	GlobalSection(ProjectConfigurationPlatforms) = postSolution
		{53DCA38A-B2D4-47CF-ADDA-C1E8EDDED5BF}.Debug|x64.ActiveCfg = Debug|x64
		{53DCA38A-B2D4-47CF-ADDA-C1E8EDDED5BF}.Debug|x64.Build.0 = Debug|x64
		{53DCA38A-B2D4-47CF-ADDA-C1E8EDDED5BF}.Debug|x86.ActiveCfg = Debug|Win32
		{53DCA38A-B2D4-47CF-ADDA-C1E8EDDED5BF}.Debug|x86.Build.0 = Debug|Win32
		{53DCA38A-B2D4-47CF-ADDA-C1E8EDDED5BF}.Release|x64.ActiveCfg = Release|x64
		{53DCA38A-B2D4-47CF-ADDA-C1E8EDDED5BF}.Release|x64.Build.0 = Release|x64
		{53DCA38A-B2D4-47CF-ADDA-C1E8EDDED5BF}.Release|x86.ActiveCfg = Release|Win32
		{53DCA38A-B2D4-47CF-ADDA-C1E8EDDED5BF}.Release|x86.Build.0 = Release|Win32
		{390C5143-5610-4D73-8C0F-04706AE10D0F}.Debug|x64.ActiveCfg = Debug|x64
		{390C5143-5610-4D73-8C0F-04706AE10D0F}.Debug|x64.Build.0 = Debug|x64
		{390C5143-5610-4D73-8C0F-04706AE10D0F}.Debug|x86.ActiveCfg = Debug|Win32
		{390C5143-5610-4D73-8C0F-04706AE10D0F}.Debug|x86.Build.0 = Debug|Win32
		{390C5143-5610-4D73-8C0F-04706AE10D0F}.Release|x64.ActiveCfg = Release|x64
		{390C5143-5610-4D73-8C0F-04706AE10D0F}.Release|x64.Build.0 = Release|x64
		{390C5143-5610-4D73-8C0F-04706AE10D0F}.Release|x86.ActiveCfg = Release|Win32
		{390C5143-5610-4D73-8C0F-04706AE10D0F}.Release|x86.Build.0 = Release|Win32
		{B5E4086E-7F97-405F-8EA6-6300FF8D18B8}.Debug|x64.ActiveCfg = Debug|x64
		{B5E4086E-7F97-405F-8EA6-6300FF8D18B8}.Debug|x64.Build.0 = Debug|x64
		{B5E4086E-7F97-405F-8EA6-6300FF8D18B8}.Debug|x86.ActiveCfg = Debug|Win32
		{B5E4086E-7F97-405F-8EA6-6300FF8D18B8}.Debug|x86.Build.0 = Debug|Win32
		{B5E4086E-7F97-405F-8EA6-6300FF8D18B8}.Release|x64.ActiveCfg = Release|x64
		{B5E4086E-7F97-405F-8EA6-6300FF8D18B8}.Release|x64.Build.0 = Release|x64
		{B5E4086E-7F97-405F-8EA6-6300FF8D18B8}.Release|x86.ActiveCfg = Release|Win32
		{B5E4086E-7F97-405F-8EA6-6300FF8D18B8}.Release|x86.Build.0 = Release|Win32
		{452DBF4C-AAE4-4310-8051-3ABA7E04C293}.Debug|x64.ActiveCfg = Debug|x64
		{452DBF4C-AAE4-4310-8051-3ABA7E04C293}.Debug|x64.Build.0 = Debug|x64
		{452DBF4C-AAE4-4310-8051-3ABA7E04C293}.Debug|x86.ActiveCfg = Debug|Win32
		{452DBF4C-AAE4-4310-8051-3ABA7E04C293}.Debug|x86.Build.0 = Debug|Win32
		{452DBF4C-AAE4-4310-8051-3ABA7E04C293}.Release|x64.ActiveCfg = Release|x64
		{452DBF4C-AAE4-4310-8051-3ABA7E04C293}.Release|x64.Build.0 = Release|x64
		{452DBF4C-AAE4-4310-8051-3ABA7E04C293}.Release|x86.ActiveCfg = Release|Win32
		{452DBF4C-AAE4-4310-8051-3ABA7E04C293}.Release|x86.Build.0 = Release|Win32
		{502C8BB1-523B-4063-B541-CDD10E6AB0A1}.Debug|x64.ActiveCfg = Debug|x64
		{502C8BB1-523B-4063-B541-CDD10E6AB0A1}.Debug|x64.Build.0 = Debug|x64
		{502C8BB1-523B-4063-B541-CDD10E6AB0A1}.Debug|x86.ActiveCfg = Debug|Win32
		{502C8BB1-523B-4063-B541-CDD10E6AB0A1}.Debug|x86.Build.0 = Debug|Win32
		{502C8BB1-523B-4063-B541-CDD10E6AB0A1}.Release|x64.ActiveCfg = Release|x64
		{502C8BB1-523B-4063-B541-CDD10E6AB0A1}.Release|x64.Build.0 = Release|x64
		{502C8BB1-523B-4063-B541-CDD10E6AB0A1}.Release|x86.ActiveCfg = Release|Win32
		{502C8BB1-523B-4063-B541-CDD10E6AB0A1}.Release|x86.Build.0 = Release|Win32
		{955CF39B-18D4-49C7-A586-B3CE9331E2A8}.Debug|x64.ActiveCfg = Debug|x64
		{955CF39B-18D4-49C7-A586-B3CE9331E2A8}.Debug|x64.Build.0 = Debug|x64
		{955CF39B-18D4-49C7-A586-B3CE9331E2A8}.Debug|x86.ActiveCfg = Debug|Win32
		{955CF39B-18D4-49C7-A586-B3CE9331E2A8}.Debug|x86.Build.0 = Debug|Win32
		{955CF39B-18D4-49C7-A586-B3CE9331E2A8}.Release|x64.ActiveCfg = Release|x64
		{955CF39B-18D4-49C7-A586-B3CE9331E2A8}.Release|x64.Build.0 = Release|x64
		{955CF39B-18D4-49C7-A586-B3CE9331E2A8}.Release|x86.ActiveCfg = Release|Win32
		{955CF39B-18D4-49C7-A586-B3CE9331E2A8}.Release|x86.Build.0 = Release|Win32
		{F41E179C-3D38-4097-BC41-D67F972AEF94}.Debug|x64.ActiveCfg = Debug|x64
		{F41E179C-3D38-4097-BC41-D67F972AEF94}.Debug|x64.Build.0 = Debug|x64
		{F41E179C-3D38-4097-BC41-D67F972AEF94}.Debug|x86.ActiveCfg = Debug|Win32
		{F41E179C-3D38-4097-BC41-D67F972AEF94}.Debug|x86.Build.0 = Debug|Win32
		{F41E179C-3D38-4097-BC41-D67F972AEF94}.Release|x64.ActiveCfg = Release|x64
		{F41E179C-3D38-4097-BC41-D67F972AEF94}.Release|x64.Build.0 = Release|x64
		{F41E179C-3D38-4097-BC41-D67F972AEF94}.Release|x86.ActiveCfg = Release|Win32
		{F41E179C-3D38-4097-BC41-D67F972AEF94}.Release|x86.Build.0 = Release|Win32
		{F58E64A2-190A-4E3F-8D6F-F7239C8DD5F9}.Debug|x64.ActiveCfg = Debug|x64
		{F58E64A2-190A-4E3F-8D6F-F7239C8DD5F9}.Debug|x64.Build.0 = Debug|x64
		{F58E64A2-190A-4E3F-8D6F-F7239C8DD5F9}.Debug|x86.ActiveCfg = Debug|Win32
		{F58E64A2-190A-4E3F-8D6F-F7239C8DD5F9}.Debug|x86.Build.0 = Debug|Win32
		{F58E64A2-190A-4E3F-8D6F-F7239C8DD5F9}.Release|x64.ActiveCfg = Release|x64
		{F58E64A2-190A-4E3F-8D6F-F7239C8DD5F9}.Release|x64.Build.0 = Release|x64
		{F58E64A2-190A-4E3F-8D6F-F7239C8DD5F9}.Release|x86.ActiveCfg = Release|Win32
		{F58E64A2-190A-4E3F-8D6F-F7239C8DD5F9}.Release|x86.Build.0 = Release|Win32
	EndGlobalSection
	GlobalSection(SolutionProperties) = preSolution
		HideSolutionNode = FALSE
	EndGlobalSection
EndGlobal
